<?xml version="1.0" encoding="utf-8"?>
<Project ToolsVersion="4.0" xmlns="http://schemas.microsoft.com/developer/msbuild/2003">
  <ItemGroup>
    <Filter Include="Source Files">
      <UniqueIdentifier>{23bc07e7-d419-4fde-b5e0-cd3d0edc22c0}</UniqueIdentifier>
      <Extensions>cpp;c;cxx;rc;def;r;odl;idl;hpj;bat</Extensions>
    </Filter>
    <Filter Include="Header Files">
      <UniqueIdentifier>{8a9fc86a-ea38-439f-ab91-3a6d010a91da}</UniqueIdentifier>
      <Extensions>h;hpp;hxx;hm;inl</Extensions>
    </Filter>
  </ItemGroup>
  <ItemGroup>
    <ClCompile Include="..\imgfiles\imagefile.cpp">
      <Filter>Source Files</Filter>
    </ClCompile>
    <ClCompile Include="..\imgfiles\imagefilebmp.cpp">
      <Filter>Source Files</Filter>
    </ClCompile>
    <ClCompile Include="..\imgfiles\imagefilemgr.cpp">
      <Filter>Source Files</Filter>
    </ClCompile>
    <ClCompile Include="..\imgfiles\imagefileraw.cpp">
      <Filter>Source Files</Filter>
    </ClCompile>
    <ClCompile Include="..\imgfiles\Imagefiletiff.cpp">
      <Filter>Source Files</Filter>
    </ClCompile>
    <ClCompile Include="..\imgfiles\imagefiletype.cpp">
      <Filter>Source Files</Filter>
    </ClCompile>
  </ItemGroup>
  <ItemGroup>
    <ClInclude Include="..\imgfiles\imagefile.h">
      <Filter>Header Files</Filter>
    </ClInclude>
    <ClInclude Include="..\imgfiles\imagefilebmp.h">
      <Filter>Header Files</Filter>
    </ClInclude>
    <ClInclude Include="..\imgfiles\imagefilemgr.h">
      <Filter>Header Files</Filter>
    </ClInclude>
    <ClInclude Include="..\imgfiles\imagefileraw.h">
      <Filter>Header Files</Filter>
    </ClInclude>
    <ClInclude Include="..\imgfiles\Imagefiletiff.h">
      <Filter>Header Files</Filter>
    </ClInclude>
    <ClInclude Include="..\imgfiles\imagefiletype.h">
      <Filter>Header Files</Filter>
    </ClInclude>
  </ItemGroup>
</Project>