<?xml version="1.0" encoding="utf-8"?>
<Project ToolsVersion="4.0" xmlns="http://schemas.microsoft.com/developer/msbuild/2003">
  <ItemGroup>
    <Filter Include="Source Files">
      <UniqueIdentifier>{1a50c43f-8bec-4c0e-9de5-db7566c67003}</UniqueIdentifier>
      <Extensions>cpp;c;cxx;rc;def;r;odl;idl;hpj;bat</Extensions>
    </Filter>
    <Filter Include="Header Files">
      <UniqueIdentifier>{abf366d6-574e-4ab0-a87c-39edeee949c7}</UniqueIdentifier>
      <Extensions>h;hpp;hxx;hm;inl</Extensions>
    </Filter>
  </ItemGroup>
  <ItemGroup>
    <ClCompile Include="..\cl_logic_lib.c">
      <Filter>Source Files</Filter>
    </ClCompile>
    <ClCompile Include="..\clsim_lib.c">
      <Filter>Source Files</Filter>
    </ClCompile>
    <ClCompile Include="..\edt_bitload.c">
      <Filter>Source Files</Filter>
    </ClCompile>
    <ClCompile Include="..\edt_error.c">
      <Filter>Source Files</Filter>
    </ClCompile>
    <ClCompile Include="..\edt_os_nt.c">
      <Filter>Source Files</Filter>
    </ClCompile>
    <ClCompile Include="..\edt_si570.c">
      <Filter>Source Files</Filter>
    </ClCompile>
    <ClCompile Include="..\edt_trace.c">
      <Filter>Source Files</Filter>
    </ClCompile>
    <ClCompile Include="..\edt_vco.c">
      <Filter>Source Files</Filter>
    </ClCompile>
    <ClCompile Include="..\edt_flash.c">
      <Filter>Source Files</Filter>
    </ClCompile>
    <ClCompile Include="..\lib_two_wire.c">
      <Filter>Source Files</Filter>
    </ClCompile>
    <ClCompile Include="..\libdvu.c">
      <Filter>Source Files</Filter>
    </ClCompile>
    <ClCompile Include="..\libedt.c">
      <Filter>Source Files</Filter>
    </ClCompile>
    <ClCompile Include="..\libedt_timing.c">
      <Filter>Source Files</Filter>
    </ClCompile>
    <ClCompile Include="..\libpdv.c">
      <Filter>Source Files</Filter>
    </ClCompile>
    <ClCompile Include="..\pciload_fn.c">
      <Filter>Source Files</Filter>
    </ClCompile>
    <ClCompile Include="..\pdv_bayer_filter.c">
      <Filter>Source Files</Filter>
    </ClCompile>
    <ClCompile Include="..\pdv_dmy_image.c">
      <Filter>Source Files</Filter>
    </ClCompile>
    <ClCompile Include="..\pdv_initcam.c">
      <Filter>Source Files</Filter>
    </ClCompile>
    <ClCompile Include="..\pdv_interlace.c">
      <Filter>Source Files</Filter>
    </ClCompile>
    <ClCompile Include="..\pdv_irig.c">
      <Filter>Source Files</Filter>
    </ClCompile>
    <ClCompile Include="..\readcfg.c">
      <Filter>Source Files</Filter>
    </ClCompile>
  </ItemGroup>
  <ItemGroup>
    <ClInclude Include="..\cl_logic_lib.h">
      <Filter>Header Files</Filter>
    </ClInclude>
    <ClInclude Include="..\clsim_lib.h">
      <Filter>Header Files</Filter>
    </ClInclude>
    <ClInclude Include="..\edt_bitload.h">
      <Filter>Header Files</Filter>
    </ClInclude>
    <ClInclude Include="..\edt_error.h">
      <Filter>Header Files</Filter>
    </ClInclude>
    <ClInclude Include="..\edt_os_nt.h">
      <Filter>Header Files</Filter>
    </ClInclude>
    <ClInclude Include="..\edt_si570.h">
      <Filter>Header Files</Filter>
    </ClInclude>
    <ClInclude Include="..\edt_ss_vco.h">
      <Filter>Header Files</Filter>
    </ClInclude>
    <ClInclude Include="..\edt_trace.h">
      <Filter>Header Files</Filter>
    </ClInclude>
    <ClInclude Include="..\edt_vco.h">
      <Filter>Header Files</Filter>
    </ClInclude>
    <ClInclude Include="..\lib_two_wire.h">
      <Filter>Header Files</Filter>
    </ClInclude>
    <ClInclude Include="..\libdvu.h">
      <Filter>Header Files</Filter>
    </ClInclude>
    <ClInclude Include="..\libedt.h">
      <Filter>Header Files</Filter>
    </ClInclude>
    <ClInclude Include="..\libedt_timing.h">
      <Filter>Header Files</Filter>
    </ClInclude>
    <ClInclude Include="..\libpdv.h">
      <Filter>Header Files</Filter>
    </ClInclude>
    <ClInclude Include="..\pdv_dependent.h">
      <Filter>Header Files</Filter>
    </ClInclude>
    <ClInclude Include="..\pdv_interlace.h">
      <Filter>Header Files</Filter>
    </ClInclude>
    <ClInclude Include="..\pdv_interlace_methods.h">
      <Filter>Header Files</Filter>
    </ClInclude>
    <ClInclude Include="..\pdv_irig.h">
      <Filter>Header Files</Filter>
    </ClInclude>
    <ClInclude Include="..\pdv_types.h">
      <Filter>Header Files</Filter>
    </ClInclude>
  </ItemGroup>
</Project>