Microsoft Visual Studio Solution File, Format Version 12.00
# Visual Studio 15
VisualStudioVersion = 15.0.28010.2041
MinimumVisualStudioVersion = 10.0.40219.1
Project("{8BC9CEB8-8B4A-11D0-8D11-00A0C91BC942}") = "bigread", "bigread.vcproj", "{35271B92-67C4-4E6A-887C-08D1D6C28725}"
EndProject
Project("{8BC9CEB8-8B4A-11D0-8D11-00A0C91BC942}") = "bitload", "bitload.vcproj", "{F1C6DB2C-DB5A-4F35-905A-8FF727CB47D9}"
EndProject
Project("{8BC9CEB8-8B4A-11D0-8D11-00A0C91BC942}") = "blinkdva", "blinkdva.vcproj", "{BBB9EACF-DF1C-41DC-A56A-0590E90CF13E}"
EndProject
Project("{8BC9CEB8-8B4A-11D0-8D11-00A0C91BC942}") = "check_gap_cl", "check_gap_cl.vcproj", "{8827524D-CD38-4443-8166-1E901913433F}"
EndProject
Project("{8BC9CEB8-8B4A-11D0-8D11-00A0C91BC942}") = "checkcam", "checkcam.vcproj", "{40F87FE2-8CA6-4097-8001-B95FE0E101ED}"
EndProject
Project("{8BC9CEB8-8B4A-11D0-8D11-00A0C91BC942}") = "cl_logic", "cl_logic.vcproj", "{B81C84DD-1D56-405E-9255-32E8CA261E77}"
EndProject
Project("{8BC9CEB8-8B4A-11D0-8D11-00A0C91BC942}") = "cl_speed", "cl_speed.vcproj", "{88D112BD-EB6B-4432-BF5D-789D824E56FD}"
EndProject
Project("{8BC9CEB8-8B4A-11D0-8D11-00A0C91BC942}") = "clink_counters", "clink_counters.vcproj", "{8F6D6B8B-8D8B-436A-917C-1EC0D714273A}"
EndProject
Project("{8BC9CEB8-8B4A-11D0-8D11-00A0C91BC942}") = "clink_tester", "clink_tester.vcproj", "{9A93F372-E41E-44EA-9747-54A56B97E68A}"
EndProject
Project("{8BC9CEB8-8B4A-11D0-8D11-00A0C91BC942}") = "clsiminit", "clsiminit.vcproj", "{1A6B46FF-25B1-49C6-BF03-9061A3789734}"
EndProject
Project("{8BC9CEB8-8B4A-11D0-8D11-00A0C91BC942}") = "clsimvar", "clsimvar.vcproj", "{08A77BB7-3AA7-42C7-B5FB-B3D22005515F}"
EndProject
Project("{8BC9CEB8-8B4A-11D0-8D11-00A0C91BC942}") = "countbits", "countbits.vcproj", "{05311053-364E-461F-B829-25F69BD01D79}"
EndProject
Project("{8BC9CEB8-8B4A-11D0-8D11-00A0C91BC942}") = "dumpit", "dumpit.vcproj", "{662A40D7-1632-4AA4-BD26-DD30B9743F7A}"
EndProject
Project("{8BC9CEB8-8B4A-11D0-8D11-00A0C91BC942}") = "dvinfo", "dvinfo.vcproj", "{9C87875A-2D0A-413A-A75F-01949850A19D}"
EndProject
Project("{8BC9CEB8-8B4A-11D0-8D11-00A0C91BC942}") = "edt_sysinfo", "edt_sysinfo.vcproj", "{A7B3CA1E-3B02-4020-8C9F-0E8B0C7C2407}"
EndProject
Project("{8BC9CEB8-8B4A-11D0-8D11-00A0C91BC942}") = "initcam", "initcam.vcproj", "{BA4CF0E1-316C-4DE3-BEAD-74B795226180}"
EndProject
Project("{8BC9CEB8-8B4A-11D0-8D11-00A0C91BC942}") = "pdb", "pdb.vcproj", "{4220A08E-C9E0-4F45-B5EF-6EACF3A5303B}"
EndProject
Project("{8BC9CEB8-8B4A-11D0-8D11-00A0C91BC942}") = "pdvplayback", "pdvplayback.vcproj", "{5D510376-715B-475F-8966-961A5F2D06C7}"
EndProject
Project("{8BC9CEB8-8B4A-11D0-8D11-00A0C91BC942}") = "pdvrecord", "pdvrecord.vcproj", "{737F47D1-B0ED-4BB3-8B6D-88606114C07D}"
EndProject
Project("{8BC9CEB8-8B4A-11D0-8D11-00A0C91BC942}") = "pdvterm", "pdvterm.vcproj", "{69F2A11D-A37B-41B0-AE82-8CBCFF48FE2D}"
EndProject
Project("{8BC9CEB8-8B4A-11D0-8D11-00A0C91BC942}") = "process_raw", "process_raw.vcproj", "{641D9151-C812-47C3-8DC2-26B1BF19C903}"
EndProject
Project("{8BC9CEB8-8B4A-11D0-8D11-00A0C91BC942}") = "send_tiffs", "send_tiffs.vcproj", "{725D1090-0DF3-479D-B31B-859BE741B9F0}"
EndProject
Project("{8BC9CEB8-8B4A-11D0-8D11-00A0C91BC942}") = "serial_cmd", "serial_cmd.vcproj", "{7CF26D1B-B33E-47BC-B8F4-9FEE0D229C7C}"
EndProject
Project("{8BC9CEB8-8B4A-11D0-8D11-00A0C91BC942}") = "setdebug", "setdebug.vcproj", "{641ABB3A-C909-4F48-8ED8-3355ED06965D}"
EndProject
Project("{8BC9CEB8-8B4A-11D0-8D11-00A0C91BC942}") = "simple_event", "simple_event.vcproj", "{FEFABB2F-F2B8-43F6-951F-2D06275F0BE0}"
EndProject
Project("{8BC9CEB8-8B4A-11D0-8D11-00A0C91BC942}") = "simple_fv", "simple_fv.vcproj", "{5E2AB0E0-023F-4DB1-AA51-3C0ED9EC0034}"
EndProject
Project("{8BC9CEB8-8B4A-11D0-8D11-00A0C91BC942}") = "simple_sequence", "simple_sequence.vcproj", "{72381919-DCF8-4BD3-9092-A263AA26E59E}"
EndProject
Project("{8BC9CEB8-8B4A-11D0-8D11-00A0C91BC942}") = "simple_take", "simple_take.vcproj", "{62CBC2C9-37E6-4776-94C9-D78331978C3A}"
EndProject
Project("{8BC9CEB8-8B4A-11D0-8D11-00A0C91BC942}") = "simplest_take", "simplest_take.vcproj", "{36684E58-63CD-4CCB-B278-FA30579FA2B9}"
EndProject
Project("{8BC9CEB8-8B4A-11D0-8D11-00A0C91BC942}") = "speedtest", "speedtest.vcproj", "{AD46A1CC-5AD5-48D6-93D3-2ADC7E6E54F4}"
EndProject
Project("{8BC9CEB8-8B4A-11D0-8D11-00A0C91BC942}") = "take", "take.vcproj", "{8603342B-A1A8-4593-8D57-CEBBE40FB988}"
EndProject
Project("{8BC9CEB8-8B4A-11D0-8D11-00A0C91BC942}") = "trace", "trace.vcproj", "{C5CA806F-F03B-4AD0-85AA-EDE35B33D029}"
EndProject
Project("{8BC9CEB8-8B4A-11D0-8D11-00A0C91BC942}") = "waitevent", "waitevent.vcproj", "{CD780A76-2EFA-41BC-AE07-10D11CB5655C}"
EndProject
Project("{8BC9CEB8-8B4A-11D0-8D11-00A0C91BC942}") = "watchstat", "watchstat.vcproj", "{93AE4EDE-42E9-49FD-9BCB-5656E37A78BB}"
EndProject
Project("{8BC9CEB8-8B4A-11D0-8D11-00A0C91BC942}") = "win_sysinfo", "win_sysinfo.vcproj", "{EC0C5B0A-0AA4-4A1B-B771-92B02572C785}"
EndProject
Project("{8BC9CEB8-8B4A-11D0-8D11-00A0C91BC942}") = "libpdv", "libpdv.vcxproj", "{41741A34-46C8-41AC-A8CF-8CD660436632}"
EndProject
Global
	GlobalSection(SolutionConfigurationPlatforms) = preSolution
		Debug|Win32 = Debug|Win32
		Release|Win32 = Release|Win32
	EndGlobalSection
	GlobalSection(ProjectConfigurationPlatforms) = postSolution
		{35271B92-67C4-4E6A-887C-08D1D6C28725}.Debug|Win32.ActiveCfg = Debug|Win32
		{35271B92-67C4-4E6A-887C-08D1D6C28725}.Debug|Win32.Build.0 = Debug|Win32
		{35271B92-67C4-4E6A-887C-08D1D6C28725}.Release|Win32.ActiveCfg = Release|Win32
		{35271B92-67C4-4E6A-887C-08D1D6C28725}.Release|Win32.Build.0 = Release|Win32
		{F1C6DB2C-DB5A-4F35-905A-8FF727CB47D9}.Debug|Win32.ActiveCfg = Debug|Win32
		{F1C6DB2C-DB5A-4F35-905A-8FF727CB47D9}.Debug|Win32.Build.0 = Debug|Win32
		{F1C6DB2C-DB5A-4F35-905A-8FF727CB47D9}.Release|Win32.ActiveCfg = Release|Win32
		{F1C6DB2C-DB5A-4F35-905A-8FF727CB47D9}.Release|Win32.Build.0 = Release|Win32
		{BBB9EACF-DF1C-41DC-A56A-0590E90CF13E}.Debug|Win32.ActiveCfg = Debug|Win32
		{BBB9EACF-DF1C-41DC-A56A-0590E90CF13E}.Debug|Win32.Build.0 = Debug|Win32
		{BBB9EACF-DF1C-41DC-A56A-0590E90CF13E}.Release|Win32.ActiveCfg = Release|Win32
		{BBB9EACF-DF1C-41DC-A56A-0590E90CF13E}.Release|Win32.Build.0 = Release|Win32
		{8827524D-CD38-4443-8166-1E901913433F}.Debug|Win32.ActiveCfg = Debug|Win32
		{8827524D-CD38-4443-8166-1E901913433F}.Debug|Win32.Build.0 = Debug|Win32
		{8827524D-CD38-4443-8166-1E901913433F}.Release|Win32.ActiveCfg = Release|Win32
		{8827524D-CD38-4443-8166-1E901913433F}.Release|Win32.Build.0 = Release|Win32
		{40F87FE2-8CA6-4097-8001-B95FE0E101ED}.Debug|Win32.ActiveCfg = Debug|Win32
		{40F87FE2-8CA6-4097-8001-B95FE0E101ED}.Debug|Win32.Build.0 = Debug|Win32
		{40F87FE2-8CA6-4097-8001-B95FE0E101ED}.Release|Win32.ActiveCfg = Release|Win32
		{40F87FE2-8CA6-4097-8001-B95FE0E101ED}.Release|Win32.Build.0 = Release|Win32
		{B81C84DD-1D56-405E-9255-32E8CA261E77}.Debug|Win32.ActiveCfg = Debug|Win32
		{B81C84DD-1D56-405E-9255-32E8CA261E77}.Debug|Win32.Build.0 = Debug|Win32
		{B81C84DD-1D56-405E-9255-32E8CA261E77}.Release|Win32.ActiveCfg = Release|Win32
		{B81C84DD-1D56-405E-9255-32E8CA261E77}.Release|Win32.Build.0 = Release|Win32
		{88D112BD-EB6B-4432-BF5D-789D824E56FD}.Debug|Win32.ActiveCfg = Debug|Win32
		{88D112BD-EB6B-4432-BF5D-789D824E56FD}.Debug|Win32.Build.0 = Debug|Win32
		{88D112BD-EB6B-4432-BF5D-789D824E56FD}.Release|Win32.ActiveCfg = Release|Win32
		{88D112BD-EB6B-4432-BF5D-789D824E56FD}.Release|Win32.Build.0 = Release|Win32
		{8F6D6B8B-8D8B-436A-917C-1EC0D714273A}.Debug|Win32.ActiveCfg = Debug|Win32
		{8F6D6B8B-8D8B-436A-917C-1EC0D714273A}.Debug|Win32.Build.0 = Debug|Win32
		{8F6D6B8B-8D8B-436A-917C-1EC0D714273A}.Release|Win32.ActiveCfg = Release|Win32
		{8F6D6B8B-8D8B-436A-917C-1EC0D714273A}.Release|Win32.Build.0 = Release|Win32
		{9A93F372-E41E-44EA-9747-54A56B97E68A}.Debug|Win32.ActiveCfg = Debug|Win32
		{9A93F372-E41E-44EA-9747-54A56B97E68A}.Debug|Win32.Build.0 = Debug|Win32
		{9A93F372-E41E-44EA-9747-54A56B97E68A}.Release|Win32.ActiveCfg = Release|Win32
		{9A93F372-E41E-44EA-9747-54A56B97E68A}.Release|Win32.Build.0 = Release|Win32
		{1A6B46FF-25B1-49C6-BF03-9061A3789734}.Debug|Win32.ActiveCfg = Debug|Win32
		{1A6B46FF-25B1-49C6-BF03-9061A3789734}.Debug|Win32.Build.0 = Debug|Win32
		{1A6B46FF-25B1-49C6-BF03-9061A3789734}.Release|Win32.ActiveCfg = Release|Win32
		{1A6B46FF-25B1-49C6-BF03-9061A3789734}.Release|Win32.Build.0 = Release|Win32
		{08A77BB7-3AA7-42C7-B5FB-B3D22005515F}.Debug|Win32.ActiveCfg = Debug|Win32
		{08A77BB7-3AA7-42C7-B5FB-B3D22005515F}.Debug|Win32.Build.0 = Debug|Win32
		{08A77BB7-3AA7-42C7-B5FB-B3D22005515F}.Release|Win32.ActiveCfg = Release|Win32
		{08A77BB7-3AA7-42C7-B5FB-B3D22005515F}.Release|Win32.Build.0 = Release|Win32
		{05311053-364E-461F-B829-25F69BD01D79}.Debug|Win32.ActiveCfg = Debug|Win32
		{05311053-364E-461F-B829-25F69BD01D79}.Debug|Win32.Build.0 = Debug|Win32
		{05311053-364E-461F-B829-25F69BD01D79}.Release|Win32.ActiveCfg = Release|Win32
		{05311053-364E-461F-B829-25F69BD01D79}.Release|Win32.Build.0 = Release|Win32
		{662A40D7-1632-4AA4-BD26-DD30B9743F7A}.Debug|Win32.ActiveCfg = Debug|Win32
		{662A40D7-1632-4AA4-BD26-DD30B9743F7A}.Debug|Win32.Build.0 = Debug|Win32
		{662A40D7-1632-4AA4-BD26-DD30B9743F7A}.Release|Win32.ActiveCfg = Release|Win32
		{662A40D7-1632-4AA4-BD26-DD30B9743F7A}.Release|Win32.Build.0 = Release|Win32
		{9C87875A-2D0A-413A-A75F-01949850A19D}.Debug|Win32.ActiveCfg = Debug|Win32
		{9C87875A-2D0A-413A-A75F-01949850A19D}.Debug|Win32.Build.0 = Debug|Win32
		{9C87875A-2D0A-413A-A75F-01949850A19D}.Release|Win32.ActiveCfg = Release|Win32
		{9C87875A-2D0A-413A-A75F-01949850A19D}.Release|Win32.Build.0 = Release|Win32
		{A7B3CA1E-3B02-4020-8C9F-0E8B0C7C2407}.Debug|Win32.ActiveCfg = Debug|Win32
		{A7B3CA1E-3B02-4020-8C9F-0E8B0C7C2407}.Debug|Win32.Build.0 = Debug|Win32
		{A7B3CA1E-3B02-4020-8C9F-0E8B0C7C2407}.Release|Win32.ActiveCfg = Release|Win32
		{A7B3CA1E-3B02-4020-8C9F-0E8B0C7C2407}.Release|Win32.Build.0 = Release|Win32
		{BA4CF0E1-316C-4DE3-BEAD-74B795226180}.Debug|Win32.ActiveCfg = Debug|Win32
		{BA4CF0E1-316C-4DE3-BEAD-74B795226180}.Debug|Win32.Build.0 = Debug|Win32
		{BA4CF0E1-316C-4DE3-BEAD-74B795226180}.Release|Win32.ActiveCfg = Release|Win32
		{BA4CF0E1-316C-4DE3-BEAD-74B795226180}.Release|Win32.Build.0 = Release|Win32
		{4220A08E-C9E0-4F45-B5EF-6EACF3A5303B}.Debug|Win32.ActiveCfg = Debug|Win32
		{4220A08E-C9E0-4F45-B5EF-6EACF3A5303B}.Debug|Win32.Build.0 = Debug|Win32
		{4220A08E-C9E0-4F45-B5EF-6EACF3A5303B}.Release|Win32.ActiveCfg = Release|Win32
		{4220A08E-C9E0-4F45-B5EF-6EACF3A5303B}.Release|Win32.Build.0 = Release|Win32
		{5D510376-715B-475F-8966-961A5F2D06C7}.Debug|Win32.ActiveCfg = Debug|Win32
		{5D510376-715B-475F-8966-961A5F2D06C7}.Debug|Win32.Build.0 = Debug|Win32
		{5D510376-715B-475F-8966-961A5F2D06C7}.Release|Win32.ActiveCfg = Release|Win32
		{5D510376-715B-475F-8966-961A5F2D06C7}.Release|Win32.Build.0 = Release|Win32
		{737F47D1-B0ED-4BB3-8B6D-88606114C07D}.Debug|Win32.ActiveCfg = Debug|Win32
		{737F47D1-B0ED-4BB3-8B6D-88606114C07D}.Debug|Win32.Build.0 = Debug|Win32
		{737F47D1-B0ED-4BB3-8B6D-88606114C07D}.Release|Win32.ActiveCfg = Release|Win32
		{737F47D1-B0ED-4BB3-8B6D-88606114C07D}.Release|Win32.Build.0 = Release|Win32
		{69F2A11D-A37B-41B0-AE82-8CBCFF48FE2D}.Debug|Win32.ActiveCfg = Debug|Win32
		{69F2A11D-A37B-41B0-AE82-8CBCFF48FE2D}.Debug|Win32.Build.0 = Debug|Win32
		{69F2A11D-A37B-41B0-AE82-8CBCFF48FE2D}.Release|Win32.ActiveCfg = Release|Win32
		{69F2A11D-A37B-41B0-AE82-8CBCFF48FE2D}.Release|Win32.Build.0 = Release|Win32
		{641D9151-C812-47C3-8DC2-26B1BF19C903}.Debug|Win32.ActiveCfg = Debug|Win32
		{641D9151-C812-47C3-8DC2-26B1BF19C903}.Debug|Win32.Build.0 = Debug|Win32
		{641D9151-C812-47C3-8DC2-26B1BF19C903}.Release|Win32.ActiveCfg = Release|Win32
		{641D9151-C812-47C3-8DC2-26B1BF19C903}.Release|Win32.Build.0 = Release|Win32
		{725D1090-0DF3-479D-B31B-859BE741B9F0}.Debug|Win32.ActiveCfg = Debug|Win32
		{725D1090-0DF3-479D-B31B-859BE741B9F0}.Debug|Win32.Build.0 = Debug|Win32
		{725D1090-0DF3-479D-B31B-859BE741B9F0}.Release|Win32.ActiveCfg = Release|Win32
		{725D1090-0DF3-479D-B31B-859BE741B9F0}.Release|Win32.Build.0 = Release|Win32
		{7CF26D1B-B33E-47BC-B8F4-9FEE0D229C7C}.Debug|Win32.ActiveCfg = Debug|Win32
		{7CF26D1B-B33E-47BC-B8F4-9FEE0D229C7C}.Debug|Win32.Build.0 = Debug|Win32
		{7CF26D1B-B33E-47BC-B8F4-9FEE0D229C7C}.Release|Win32.ActiveCfg = Release|Win32
		{7CF26D1B-B33E-47BC-B8F4-9FEE0D229C7C}.Release|Win32.Build.0 = Release|Win32
		{641ABB3A-C909-4F48-8ED8-3355ED06965D}.Debug|Win32.ActiveCfg = Debug|Win32
		{641ABB3A-C909-4F48-8ED8-3355ED06965D}.Debug|Win32.Build.0 = Debug|Win32
		{641ABB3A-C909-4F48-8ED8-3355ED06965D}.Release|Win32.ActiveCfg = Release|Win32
		{641ABB3A-C909-4F48-8ED8-3355ED06965D}.Release|Win32.Build.0 = Release|Win32
		{FEFABB2F-F2B8-43F6-951F-2D06275F0BE0}.Debug|Win32.ActiveCfg = Debug|Win32
		{FEFABB2F-F2B8-43F6-951F-2D06275F0BE0}.Debug|Win32.Build.0 = Debug|Win32
		{FEFABB2F-F2B8-43F6-951F-2D06275F0BE0}.Release|Win32.ActiveCfg = Release|Win32
		{FEFABB2F-F2B8-43F6-951F-2D06275F0BE0}.Release|Win32.Build.0 = Release|Win32
		{5E2AB0E0-023F-4DB1-AA51-3C0ED9EC0034}.Debug|Win32.ActiveCfg = Debug|Win32
		{5E2AB0E0-023F-4DB1-AA51-3C0ED9EC0034}.Debug|Win32.Build.0 = Debug|Win32
		{5E2AB0E0-023F-4DB1-AA51-3C0ED9EC0034}.Release|Win32.ActiveCfg = Release|Win32
		{5E2AB0E0-023F-4DB1-AA51-3C0ED9EC0034}.Release|Win32.Build.0 = Release|Win32
		{72381919-DCF8-4BD3-9092-A263AA26E59E}.Debug|Win32.ActiveCfg = Debug|Win32
		{72381919-DCF8-4BD3-9092-A263AA26E59E}.Debug|Win32.Build.0 = Debug|Win32
		{72381919-DCF8-4BD3-9092-A263AA26E59E}.Release|Win32.ActiveCfg = Release|Win32
		{72381919-DCF8-4BD3-9092-A263AA26E59E}.Release|Win32.Build.0 = Release|Win32
		{62CBC2C9-37E6-4776-94C9-D78331978C3A}.Debug|Win32.ActiveCfg = Debug|Win32
		{62CBC2C9-37E6-4776-94C9-D78331978C3A}.Debug|Win32.Build.0 = Debug|Win32
		{62CBC2C9-37E6-4776-94C9-D78331978C3A}.Release|Win32.ActiveCfg = Release|Win32
		{62CBC2C9-37E6-4776-94C9-D78331978C3A}.Release|Win32.Build.0 = Release|Win32
		{36684E58-63CD-4CCB-B278-FA30579FA2B9}.Debug|Win32.ActiveCfg = Debug|Win32
		{36684E58-63CD-4CCB-B278-FA30579FA2B9}.Debug|Win32.Build.0 = Debug|Win32
		{36684E58-63CD-4CCB-B278-FA30579FA2B9}.Release|Win32.ActiveCfg = Release|Win32
		{36684E58-63CD-4CCB-B278-FA30579FA2B9}.Release|Win32.Build.0 = Release|Win32
		{AD46A1CC-5AD5-48D6-93D3-2ADC7E6E54F4}.Debug|Win32.ActiveCfg = Debug|Win32
		{AD46A1CC-5AD5-48D6-93D3-2ADC7E6E54F4}.Debug|Win32.Build.0 = Debug|Win32
		{AD46A1CC-5AD5-48D6-93D3-2ADC7E6E54F4}.Release|Win32.ActiveCfg = Release|Win32
		{AD46A1CC-5AD5-48D6-93D3-2ADC7E6E54F4}.Release|Win32.Build.0 = Release|Win32
		{8603342B-A1A8-4593-8D57-CEBBE40FB988}.Debug|Win32.ActiveCfg = Debug|Win32
		{8603342B-A1A8-4593-8D57-CEBBE40FB988}.Debug|Win32.Build.0 = Debug|Win32
		{8603342B-A1A8-4593-8D57-CEBBE40FB988}.Release|Win32.ActiveCfg = Release|Win32
		{8603342B-A1A8-4593-8D57-CEBBE40FB988}.Release|Win32.Build.0 = Release|Win32
		{C5CA806F-F03B-4AD0-85AA-EDE35B33D029}.Debug|Win32.ActiveCfg = Debug|Win32
		{C5CA806F-F03B-4AD0-85AA-EDE35B33D029}.Debug|Win32.Build.0 = Debug|Win32
		{C5CA806F-F03B-4AD0-85AA-EDE35B33D029}.Release|Win32.ActiveCfg = Release|Win32
		{C5CA806F-F03B-4AD0-85AA-EDE35B33D029}.Release|Win32.Build.0 = Release|Win32
		{CD780A76-2EFA-41BC-AE07-10D11CB5655C}.Debug|Win32.ActiveCfg = Debug|Win32
		{CD780A76-2EFA-41BC-AE07-10D11CB5655C}.Debug|Win32.Build.0 = Debug|Win32
		{CD780A76-2EFA-41BC-AE07-10D11CB5655C}.Release|Win32.ActiveCfg = Release|Win32
		{CD780A76-2EFA-41BC-AE07-10D11CB5655C}.Release|Win32.Build.0 = Release|Win32
		{93AE4EDE-42E9-49FD-9BCB-5656E37A78BB}.Debug|Win32.ActiveCfg = Debug|Win32
		{93AE4EDE-42E9-49FD-9BCB-5656E37A78BB}.Debug|Win32.Build.0 = Debug|Win32
		{93AE4EDE-42E9-49FD-9BCB-5656E37A78BB}.Release|Win32.ActiveCfg = Release|Win32
		{93AE4EDE-42E9-49FD-9BCB-5656E37A78BB}.Release|Win32.Build.0 = Release|Win32
		{EC0C5B0A-0AA4-4A1B-B771-92B02572C785}.Debug|Win32.ActiveCfg = Debug|Win32
		{EC0C5B0A-0AA4-4A1B-B771-92B02572C785}.Debug|Win32.Build.0 = Debug|Win32
		{EC0C5B0A-0AA4-4A1B-B771-92B02572C785}.Release|Win32.ActiveCfg = Release|Win32
		{EC0C5B0A-0AA4-4A1B-B771-92B02572C785}.Release|Win32.Build.0 = Release|Win32
		{41741A34-46C8-41AC-A8CF-8CD660436632}.Debug|Win32.ActiveCfg = Debug|Win32
		{41741A34-46C8-41AC-A8CF-8CD660436632}.Debug|Win32.Build.0 = Debug|Win32
		{41741A34-46C8-41AC-A8CF-8CD660436632}.Release|Win32.ActiveCfg = Release|Win32
		{41741A34-46C8-41AC-A8CF-8CD660436632}.Release|Win32.Build.0 = Release|Win32
	EndGlobalSection
	GlobalSection(SolutionProperties) = preSolution
		HideSolutionNode = FALSE
	EndGlobalSection
	GlobalSection(ExtensibilityGlobals) = postSolution
		SolutionGuid = {61465D40-29FF-4766-BFF8-2D9CE4851D25}
	EndGlobalSection
EndGlobal
