Microsoft Visual Studio Solution File, Format Version 10.00
# Visual Studio 2008
Project("{8BC9CEB8-8B4A-11D0-8D11-00A0C91BC942}") = "bitload", "bitload.vcproj", "{83647C5D-E2C8-4188-82B5-7405F5D98C2F}"
	ProjectSection(ProjectDependencies) = postProject
		{811D8369-14E9-4F41-B5AF-7E35B9C9EFF8} = {811D8369-14E9-4F41-B5AF-7E35B9C9EFF8}
		{B3A747CD-3767-4461-8A61-46D231070DF9} = {B3A747CD-3767-4461-8A61-46D231070DF9}
	EndProjectSection
EndProject
Project("{8BC9CEB8-8B4A-11D0-8D11-00A0C91BC942}") = "checkcam", "checkcam.vcproj", "{D6F3F462-250A-4769-9E5A-90C8EE65EE81}"
	ProjectSection(ProjectDependencies) = postProject
		{811D8369-14E9-4F41-B5AF-7E35B9C9EFF8} = {811D8369-14E9-4F41-B5AF-7E35B9C9EFF8}
		{B3A747CD-3767-4461-8A61-46D231070DF9} = {B3A747CD-3767-4461-8A61-46D231070DF9}
	EndProjectSection
EndProject
Project("{8BC9CEB8-8B4A-11D0-8D11-00A0C91BC942}") = "check_gap_cl", "check_gap_cl.vcproj", "{E01743CE-D704-45EF-8E68-DC78BD653E68}"
	ProjectSection(ProjectDependencies) = postProject
		{811D8369-14E9-4F41-B5AF-7E35B9C9EFF8} = {811D8369-14E9-4F41-B5AF-7E35B9C9EFF8}
		{B3A747CD-3767-4461-8A61-46D231070DF9} = {B3A747CD-3767-4461-8A61-46D231070DF9}
	EndProjectSection
EndProject
Project("{8BC9CEB8-8B4A-11D0-8D11-00A0C91BC942}") = "cl_logic", "cl_logic.vcproj", "{2297679C-CDE9-4651-9330-8881C4385176}"
	ProjectSection(ProjectDependencies) = postProject
		{811D8369-14E9-4F41-B5AF-7E35B9C9EFF8} = {811D8369-14E9-4F41-B5AF-7E35B9C9EFF8}
		{B3A747CD-3767-4461-8A61-46D231070DF9} = {B3A747CD-3767-4461-8A61-46D231070DF9}
	EndProjectSection
EndProject
Project("{8BC9CEB8-8B4A-11D0-8D11-00A0C91BC942}") = "clsiminit", "clsiminit.vcproj", "{7531E53E-262B-4444-B7F7-C1C31F023415}"
	ProjectSection(ProjectDependencies) = postProject
		{811D8369-14E9-4F41-B5AF-7E35B9C9EFF8} = {811D8369-14E9-4F41-B5AF-7E35B9C9EFF8}
		{B3A747CD-3767-4461-8A61-46D231070DF9} = {B3A747CD-3767-4461-8A61-46D231070DF9}
	EndProjectSection
EndProject
Project("{8BC9CEB8-8B4A-11D0-8D11-00A0C91BC942}") = "cl_speed", "cl_speed.vcproj", "{205EA484-8003-4E7D-8B3E-FEDB2D13590F}"
	ProjectSection(ProjectDependencies) = postProject
		{811D8369-14E9-4F41-B5AF-7E35B9C9EFF8} = {811D8369-14E9-4F41-B5AF-7E35B9C9EFF8}
		{B3A747CD-3767-4461-8A61-46D231070DF9} = {B3A747CD-3767-4461-8A61-46D231070DF9}
	EndProjectSection
EndProject
Project("{8BC9CEB8-8B4A-11D0-8D11-00A0C91BC942}") = "clink_tester", "clink_tester.vcproj", "{2A879185-CCC7-4369-9087-FACAC84A3D72}"
	ProjectSection(ProjectDependencies) = postProject
		{811D8369-14E9-4F41-B5AF-7E35B9C9EFF8} = {811D8369-14E9-4F41-B5AF-7E35B9C9EFF8}
		{B3A747CD-3767-4461-8A61-46D231070DF9} = {B3A747CD-3767-4461-8A61-46D231070DF9}
	EndProjectSection
EndProject
Project("{8BC9CEB8-8B4A-11D0-8D11-00A0C91BC942}") = "countbits", "countbits.vcproj", "{DF6E4FE5-CDAD-4C90-82BF-5899D617DF00}"
	ProjectSection(ProjectDependencies) = postProject
		{811D8369-14E9-4F41-B5AF-7E35B9C9EFF8} = {811D8369-14E9-4F41-B5AF-7E35B9C9EFF8}
		{B3A747CD-3767-4461-8A61-46D231070DF9} = {B3A747CD-3767-4461-8A61-46D231070DF9}
	EndProjectSection
EndProject
Project("{8BC9CEB8-8B4A-11D0-8D11-00A0C91BC942}") = "dumpit", "dumpit.vcproj", "{A520F3DF-FA00-4703-B9FE-F017C2AEF955}"
	ProjectSection(ProjectDependencies) = postProject
		{811D8369-14E9-4F41-B5AF-7E35B9C9EFF8} = {811D8369-14E9-4F41-B5AF-7E35B9C9EFF8}
		{B3A747CD-3767-4461-8A61-46D231070DF9} = {B3A747CD-3767-4461-8A61-46D231070DF9}
	EndProjectSection
EndProject
Project("{8BC9CEB8-8B4A-11D0-8D11-00A0C91BC942}") = "dvinfo", "dvinfo.vcproj", "{36394953-F5B8-44BD-B47A-9CFC2958796D}"
	ProjectSection(ProjectDependencies) = postProject
		{811D8369-14E9-4F41-B5AF-7E35B9C9EFF8} = {811D8369-14E9-4F41-B5AF-7E35B9C9EFF8}
		{B3A747CD-3767-4461-8A61-46D231070DF9} = {B3A747CD-3767-4461-8A61-46D231070DF9}
	EndProjectSection
EndProject
Project("{8BC9CEB8-8B4A-11D0-8D11-00A0C91BC942}") = "edt_sysinfo", "edt_sysinfo.vcproj", "{DBFFA2C9-D0A6-4E15-AA85-052670D8ACA6}"
	ProjectSection(ProjectDependencies) = postProject
		{811D8369-14E9-4F41-B5AF-7E35B9C9EFF8} = {811D8369-14E9-4F41-B5AF-7E35B9C9EFF8}
		{B3A747CD-3767-4461-8A61-46D231070DF9} = {B3A747CD-3767-4461-8A61-46D231070DF9}
	EndProjectSection
EndProject
Project("{8BC9CEB8-8B4A-11D0-8D11-00A0C91BC942}") = "gen_tiffs", "gen_tiffs.vcproj", "{5495BF69-D087-4FF5-99E6-071DD35C812C}"
	ProjectSection(ProjectDependencies) = postProject
		{811D8369-14E9-4F41-B5AF-7E35B9C9EFF8} = {811D8369-14E9-4F41-B5AF-7E35B9C9EFF8}
		{B3A747CD-3767-4461-8A61-46D231070DF9} = {B3A747CD-3767-4461-8A61-46D231070DF9}
	EndProjectSection
EndProject
Project("{8BC9CEB8-8B4A-11D0-8D11-00A0C91BC942}") = "initcam", "initcam.vcproj", "{F41DAA84-6F88-4DAD-8E50-C2C38939DD89}"
	ProjectSection(ProjectDependencies) = postProject
		{811D8369-14E9-4F41-B5AF-7E35B9C9EFF8} = {811D8369-14E9-4F41-B5AF-7E35B9C9EFF8}
		{B3A747CD-3767-4461-8A61-46D231070DF9} = {B3A747CD-3767-4461-8A61-46D231070DF9}
	EndProjectSection
EndProject
Project("{8BC9CEB8-8B4A-11D0-8D11-00A0C91BC942}") = "irigdump", "irigdump.vcproj", "{33F7EFFE-D656-47E8-BCEE-ADB236FFA0CF}"
	ProjectSection(ProjectDependencies) = postProject
		{811D8369-14E9-4F41-B5AF-7E35B9C9EFF8} = {811D8369-14E9-4F41-B5AF-7E35B9C9EFF8}
		{B3A747CD-3767-4461-8A61-46D231070DF9} = {B3A747CD-3767-4461-8A61-46D231070DF9}
	EndProjectSection
EndProject
Project("{8BC9CEB8-8B4A-11D0-8D11-00A0C91BC942}") = "new_strobe", "new_strobe.vcproj", "{D3BAE108-0C9A-40AC-882F-4D2941FEE50A}"
	ProjectSection(ProjectDependencies) = postProject
		{811D8369-14E9-4F41-B5AF-7E35B9C9EFF8} = {811D8369-14E9-4F41-B5AF-7E35B9C9EFF8}
		{B3A747CD-3767-4461-8A61-46D231070DF9} = {B3A747CD-3767-4461-8A61-46D231070DF9}
	EndProjectSection
EndProject
Project("{8BC9CEB8-8B4A-11D0-8D11-00A0C91BC942}") = "optstr", "optstr.vcproj", "{A1ADCA13-5A57-439B-BC78-1B455C5C9C19}"
	ProjectSection(ProjectDependencies) = postProject
		{811D8369-14E9-4F41-B5AF-7E35B9C9EFF8} = {811D8369-14E9-4F41-B5AF-7E35B9C9EFF8}
		{B3A747CD-3767-4461-8A61-46D231070DF9} = {B3A747CD-3767-4461-8A61-46D231070DF9}
	EndProjectSection
EndProject
Project("{8BC9CEB8-8B4A-11D0-8D11-00A0C91BC942}") = "pdb", "pdb.vcproj", "{38A446FA-29CF-4D68-8D0F-1BCC17C73364}"
	ProjectSection(ProjectDependencies) = postProject
		{811D8369-14E9-4F41-B5AF-7E35B9C9EFF8} = {811D8369-14E9-4F41-B5AF-7E35B9C9EFF8}
		{B3A747CD-3767-4461-8A61-46D231070DF9} = {B3A747CD-3767-4461-8A61-46D231070DF9}
	EndProjectSection
EndProject
Project("{8BC9CEB8-8B4A-11D0-8D11-00A0C91BC942}") = "pdbcls10b", "pdbcls10b.vcproj", "{57A1282E-087F-4F41-ABA1-371D9A790869}"
	ProjectSection(ProjectDependencies) = postProject
		{811D8369-14E9-4F41-B5AF-7E35B9C9EFF8} = {811D8369-14E9-4F41-B5AF-7E35B9C9EFF8}
		{B3A747CD-3767-4461-8A61-46D231070DF9} = {B3A747CD-3767-4461-8A61-46D231070DF9}
	EndProjectSection
EndProject
Project("{8BC9CEB8-8B4A-11D0-8D11-00A0C91BC942}") = "pdvplayback", "pdvplayback.vcproj", "{3ACB84AA-011D-4C21-AAA6-C53A0F1F38B7}"
	ProjectSection(ProjectDependencies) = postProject
		{811D8369-14E9-4F41-B5AF-7E35B9C9EFF8} = {811D8369-14E9-4F41-B5AF-7E35B9C9EFF8}
		{B3A747CD-3767-4461-8A61-46D231070DF9} = {B3A747CD-3767-4461-8A61-46D231070DF9}
	EndProjectSection
EndProject
Project("{8BC9CEB8-8B4A-11D0-8D11-00A0C91BC942}") = "rcxload", "rcxload.vcproj", "{EB65F1BF-749E-4FB3-AA38-41AE72B8D0D2}"
	ProjectSection(ProjectDependencies) = postProject
		{811D8369-14E9-4F41-B5AF-7E35B9C9EFF8} = {811D8369-14E9-4F41-B5AF-7E35B9C9EFF8}
		{B3A747CD-3767-4461-8A61-46D231070DF9} = {B3A747CD-3767-4461-8A61-46D231070DF9}
	EndProjectSection
EndProject
Project("{8BC9CEB8-8B4A-11D0-8D11-00A0C91BC942}") = "rcxmake", "rcxmake.vcproj", "{7D3AF779-F96C-4DCD-94B1-F6583749E7A8}"
	ProjectSection(ProjectDependencies) = postProject
		{811D8369-14E9-4F41-B5AF-7E35B9C9EFF8} = {811D8369-14E9-4F41-B5AF-7E35B9C9EFF8}
		{B3A747CD-3767-4461-8A61-46D231070DF9} = {B3A747CD-3767-4461-8A61-46D231070DF9}
	EndProjectSection
EndProject
Project("{8BC9CEB8-8B4A-11D0-8D11-00A0C91BC942}") = "send_tiffs", "send_tiffs.vcproj", "{8CD3DF0E-63E4-4D6D-8E01-16AC4C6000EC}"
	ProjectSection(ProjectDependencies) = postProject
		{811D8369-14E9-4F41-B5AF-7E35B9C9EFF8} = {811D8369-14E9-4F41-B5AF-7E35B9C9EFF8}
		{B3A747CD-3767-4461-8A61-46D231070DF9} = {B3A747CD-3767-4461-8A61-46D231070DF9}
	EndProjectSection
EndProject
Project("{8BC9CEB8-8B4A-11D0-8D11-00A0C91BC942}") = "serial_cmd", "serial_cmd.vcproj", "{666BE814-9768-479E-A89B-DFFD16223C5D}"
	ProjectSection(ProjectDependencies) = postProject
		{811D8369-14E9-4F41-B5AF-7E35B9C9EFF8} = {811D8369-14E9-4F41-B5AF-7E35B9C9EFF8}
		{B3A747CD-3767-4461-8A61-46D231070DF9} = {B3A747CD-3767-4461-8A61-46D231070DF9}
	EndProjectSection
EndProject
Project("{8BC9CEB8-8B4A-11D0-8D11-00A0C91BC942}") = "setdebug", "setdebug.vcproj", "{7E274AE7-A027-43EC-B1F7-25B84A76D5BD}"
	ProjectSection(ProjectDependencies) = postProject
		{811D8369-14E9-4F41-B5AF-7E35B9C9EFF8} = {811D8369-14E9-4F41-B5AF-7E35B9C9EFF8}
		{B3A747CD-3767-4461-8A61-46D231070DF9} = {B3A747CD-3767-4461-8A61-46D231070DF9}
	EndProjectSection
EndProject
Project("{8BC9CEB8-8B4A-11D0-8D11-00A0C91BC942}") = "setperiod", "setperiod.vcproj", "{113572D1-EB36-458E-B223-598AD84EBCD2}"
	ProjectSection(ProjectDependencies) = postProject
		{811D8369-14E9-4F41-B5AF-7E35B9C9EFF8} = {811D8369-14E9-4F41-B5AF-7E35B9C9EFF8}
		{B3A747CD-3767-4461-8A61-46D231070DF9} = {B3A747CD-3767-4461-8A61-46D231070DF9}
	EndProjectSection
EndProject
Project("{8BC9CEB8-8B4A-11D0-8D11-00A0C91BC942}") = "simple_bc", "simple_bc.vcproj", "{DF2E8B8F-632B-4E33-A2E3-E30BBC3A754C}"
	ProjectSection(ProjectDependencies) = postProject
		{811D8369-14E9-4F41-B5AF-7E35B9C9EFF8} = {811D8369-14E9-4F41-B5AF-7E35B9C9EFF8}
		{B3A747CD-3767-4461-8A61-46D231070DF9} = {B3A747CD-3767-4461-8A61-46D231070DF9}
	EndProjectSection
EndProject
Project("{8BC9CEB8-8B4A-11D0-8D11-00A0C91BC942}") = "simple_clsend", "simple_clsend.vcproj", "{2CCB12C7-BBF4-4D7F-A6B0-CE38BD1E0DC2}"
	ProjectSection(ProjectDependencies) = postProject
		{811D8369-14E9-4F41-B5AF-7E35B9C9EFF8} = {811D8369-14E9-4F41-B5AF-7E35B9C9EFF8}
		{B3A747CD-3767-4461-8A61-46D231070DF9} = {B3A747CD-3767-4461-8A61-46D231070DF9}
	EndProjectSection
EndProject
Project("{8BC9CEB8-8B4A-11D0-8D11-00A0C91BC942}") = "simple_event", "simple_event.vcproj", "{59EAC71E-9DA7-4BE8-8330-426D94841DD2}"
	ProjectSection(ProjectDependencies) = postProject
		{811D8369-14E9-4F41-B5AF-7E35B9C9EFF8} = {811D8369-14E9-4F41-B5AF-7E35B9C9EFF8}
		{B3A747CD-3767-4461-8A61-46D231070DF9} = {B3A747CD-3767-4461-8A61-46D231070DF9}
	EndProjectSection
EndProject
Project("{8BC9CEB8-8B4A-11D0-8D11-00A0C91BC942}") = "simple_etrig", "simple_etrig.vcproj", "{2A337836-2A68-4896-A26E-85B9214474C2}"
	ProjectSection(ProjectDependencies) = postProject
		{811D8369-14E9-4F41-B5AF-7E35B9C9EFF8} = {811D8369-14E9-4F41-B5AF-7E35B9C9EFF8}
		{B3A747CD-3767-4461-8A61-46D231070DF9} = {B3A747CD-3767-4461-8A61-46D231070DF9}
	EndProjectSection
EndProject
Project("{8BC9CEB8-8B4A-11D0-8D11-00A0C91BC942}") = "simple_irig2", "simple_irig2.vcproj", "{1E909F3D-9FF9-454B-9B0A-152D36319DF4}"
	ProjectSection(ProjectDependencies) = postProject
		{811D8369-14E9-4F41-B5AF-7E35B9C9EFF8} = {811D8369-14E9-4F41-B5AF-7E35B9C9EFF8}
		{B3A747CD-3767-4461-8A61-46D231070DF9} = {B3A747CD-3767-4461-8A61-46D231070DF9}
	EndProjectSection
EndProject
Project("{8BC9CEB8-8B4A-11D0-8D11-00A0C91BC942}") = "simplemem", "simplemem.vcproj", "{4559FE1B-BB60-4EE3-89DD-E5EEAEB6895A}"
	ProjectSection(ProjectDependencies) = postProject
		{811D8369-14E9-4F41-B5AF-7E35B9C9EFF8} = {811D8369-14E9-4F41-B5AF-7E35B9C9EFF8}
		{B3A747CD-3767-4461-8A61-46D231070DF9} = {B3A747CD-3767-4461-8A61-46D231070DF9}
	EndProjectSection
EndProject
Project("{8BC9CEB8-8B4A-11D0-8D11-00A0C91BC942}") = "simple_sequence", "simple_sequence.vcproj", "{EE457C88-58AE-4D09-A50E-E856345D1B76}"
	ProjectSection(ProjectDependencies) = postProject
		{811D8369-14E9-4F41-B5AF-7E35B9C9EFF8} = {811D8369-14E9-4F41-B5AF-7E35B9C9EFF8}
		{B3A747CD-3767-4461-8A61-46D231070DF9} = {B3A747CD-3767-4461-8A61-46D231070DF9}
	EndProjectSection
EndProject
Project("{8BC9CEB8-8B4A-11D0-8D11-00A0C91BC942}") = "simplest_take", "simplest_take.vcproj", "{6DE80C8F-87C6-4118-81A6-71677D77DDE2}"
	ProjectSection(ProjectDependencies) = postProject
		{811D8369-14E9-4F41-B5AF-7E35B9C9EFF8} = {811D8369-14E9-4F41-B5AF-7E35B9C9EFF8}
		{B3A747CD-3767-4461-8A61-46D231070DF9} = {B3A747CD-3767-4461-8A61-46D231070DF9}
	EndProjectSection
EndProject
Project("{8BC9CEB8-8B4A-11D0-8D11-00A0C91BC942}") = "simple_take", "simple_take.vcproj", "{74BC5E67-FBD3-4D25-A468-E304AD5EB69C}"
	ProjectSection(ProjectDependencies) = postProject
		{811D8369-14E9-4F41-B5AF-7E35B9C9EFF8} = {811D8369-14E9-4F41-B5AF-7E35B9C9EFF8}
		{B3A747CD-3767-4461-8A61-46D231070DF9} = {B3A747CD-3767-4461-8A61-46D231070DF9}
	EndProjectSection
EndProject
Project("{8BC9CEB8-8B4A-11D0-8D11-00A0C91BC942}") = "speedtest", "speedtest.vcproj", "{62694E97-26D3-43BF-833F-9FB866526F94}"
	ProjectSection(ProjectDependencies) = postProject
		{811D8369-14E9-4F41-B5AF-7E35B9C9EFF8} = {811D8369-14E9-4F41-B5AF-7E35B9C9EFF8}
		{B3A747CD-3767-4461-8A61-46D231070DF9} = {B3A747CD-3767-4461-8A61-46D231070DF9}
	EndProjectSection
EndProject
Project("{8BC9CEB8-8B4A-11D0-8D11-00A0C91BC942}") = "strobe", "strobe.vcproj", "{B975F463-DE8B-4B48-A249-93650C2228D8}"
	ProjectSection(ProjectDependencies) = postProject
		{811D8369-14E9-4F41-B5AF-7E35B9C9EFF8} = {811D8369-14E9-4F41-B5AF-7E35B9C9EFF8}
		{B3A747CD-3767-4461-8A61-46D231070DF9} = {B3A747CD-3767-4461-8A61-46D231070DF9}
	EndProjectSection
EndProject
Project("{8BC9CEB8-8B4A-11D0-8D11-00A0C91BC942}") = "take", "take.vcproj", "{AE7E9908-B8F8-4024-98D5-9288180434ED}"
	ProjectSection(ProjectDependencies) = postProject
		{811D8369-14E9-4F41-B5AF-7E35B9C9EFF8} = {811D8369-14E9-4F41-B5AF-7E35B9C9EFF8}
		{B3A747CD-3767-4461-8A61-46D231070DF9} = {B3A747CD-3767-4461-8A61-46D231070DF9}
	EndProjectSection
EndProject
Project("{8BC9CEB8-8B4A-11D0-8D11-00A0C91BC942}") = "taketwo", "taketwo.vcproj", "{12AFBF08-A098-4518-9CE1-B0068643138C}"
	ProjectSection(ProjectDependencies) = postProject
		{811D8369-14E9-4F41-B5AF-7E35B9C9EFF8} = {811D8369-14E9-4F41-B5AF-7E35B9C9EFF8}
		{B3A747CD-3767-4461-8A61-46D231070DF9} = {B3A747CD-3767-4461-8A61-46D231070DF9}
	EndProjectSection
EndProject
Project("{8BC9CEB8-8B4A-11D0-8D11-00A0C91BC942}") = "trace", "trace.vcproj", "{B62B37DA-F171-42E0-A6AB-2B560E6245B3}"
	ProjectSection(ProjectDependencies) = postProject
		{811D8369-14E9-4F41-B5AF-7E35B9C9EFF8} = {811D8369-14E9-4F41-B5AF-7E35B9C9EFF8}
		{B3A747CD-3767-4461-8A61-46D231070DF9} = {B3A747CD-3767-4461-8A61-46D231070DF9}
	EndProjectSection
EndProject
Project("{8BC9CEB8-8B4A-11D0-8D11-00A0C91BC942}") = "usps_test", "usps_test.vcproj", "{32011C0E-000D-41D4-A6D9-D11633E8AF31}"
	ProjectSection(ProjectDependencies) = postProject
		{811D8369-14E9-4F41-B5AF-7E35B9C9EFF8} = {811D8369-14E9-4F41-B5AF-7E35B9C9EFF8}
		{B3A747CD-3767-4461-8A61-46D231070DF9} = {B3A747CD-3767-4461-8A61-46D231070DF9}
	EndProjectSection
EndProject
Project("{8BC9CEB8-8B4A-11D0-8D11-00A0C91BC942}") = "waitevent", "waitevent.vcproj", "{50E0CBCB-80EF-4190-9F45-385FBD9339D0}"
	ProjectSection(ProjectDependencies) = postProject
		{811D8369-14E9-4F41-B5AF-7E35B9C9EFF8} = {811D8369-14E9-4F41-B5AF-7E35B9C9EFF8}
		{B3A747CD-3767-4461-8A61-46D231070DF9} = {B3A747CD-3767-4461-8A61-46D231070DF9}
	EndProjectSection
EndProject
Project("{8BC9CEB8-8B4A-11D0-8D11-00A0C91BC942}") = "watchstat", "watchstat.vcproj", "{953009BA-2365-422A-A9BE-A1F543315EE4}"
	ProjectSection(ProjectDependencies) = postProject
		{811D8369-14E9-4F41-B5AF-7E35B9C9EFF8} = {811D8369-14E9-4F41-B5AF-7E35B9C9EFF8}
		{B3A747CD-3767-4461-8A61-46D231070DF9} = {B3A747CD-3767-4461-8A61-46D231070DF9}
	EndProjectSection
EndProject
Project("{8BC9CEB8-8B4A-11D0-8D11-00A0C91BC942}") = "xtest", "xtest.vcproj", "{FB46242F-F347-4C8F-9DD8-97F2DAF70F93}"
	ProjectSection(ProjectDependencies) = postProject
		{811D8369-14E9-4F41-B5AF-7E35B9C9EFF8} = {811D8369-14E9-4F41-B5AF-7E35B9C9EFF8}
		{B3A747CD-3767-4461-8A61-46D231070DF9} = {B3A747CD-3767-4461-8A61-46D231070DF9}
	EndProjectSection
EndProject
Project("{8BC9CEB8-8B4A-11D0-8D11-00A0C91BC942}") = "timing_test", "timing_test.vcproj", "{325277C8-6ADA-46D2-A219-C3C38D76172F}"
	ProjectSection(ProjectDependencies) = postProject
		{811D8369-14E9-4F41-B5AF-7E35B9C9EFF8} = {811D8369-14E9-4F41-B5AF-7E35B9C9EFF8}
		{B3A747CD-3767-4461-8A61-46D231070DF9} = {B3A747CD-3767-4461-8A61-46D231070DF9}
	EndProjectSection
EndProject
Project("{8BC9CEB8-8B4A-11D0-8D11-00A0C91BC942}") = "msp430_load", "msp430_load.vcproj", "{FF4A3D78-CAB8-4211-B370-E1FDF595F3EF}"
	ProjectSection(ProjectDependencies) = postProject
		{811D8369-14E9-4F41-B5AF-7E35B9C9EFF8} = {811D8369-14E9-4F41-B5AF-7E35B9C9EFF8}
		{B3A747CD-3767-4461-8A61-46D231070DF9} = {B3A747CD-3767-4461-8A61-46D231070DF9}
	EndProjectSection
EndProject
Project("{8BC9CEB8-8B4A-11D0-8D11-00A0C91BC942}") = "clink_counters", "clink_counters.vcproj", "{FACE020C-F162-4B77-BCE7-861DF81D82CA}"
	ProjectSection(ProjectDependencies) = postProject
		{811D8369-14E9-4F41-B5AF-7E35B9C9EFF8} = {811D8369-14E9-4F41-B5AF-7E35B9C9EFF8}
		{B3A747CD-3767-4461-8A61-46D231070DF9} = {B3A747CD-3767-4461-8A61-46D231070DF9}
	EndProjectSection
EndProject
Project("{8BC9CEB8-8B4A-11D0-8D11-00A0C91BC942}") = "pdvrecord", "pdvrecord.vcproj", "{AB030A82-A9FA-42F5-ABBC-B4EFD8D659EC}"
	ProjectSection(ProjectDependencies) = postProject
		{811D8369-14E9-4F41-B5AF-7E35B9C9EFF8} = {811D8369-14E9-4F41-B5AF-7E35B9C9EFF8}
		{B3A747CD-3767-4461-8A61-46D231070DF9} = {B3A747CD-3767-4461-8A61-46D231070DF9}
	EndProjectSection
EndProject
Project("{8BC9CEB8-8B4A-11D0-8D11-00A0C91BC942}") = "bigread", "bigread.vcproj", "{FCF54FA0-1A7B-4953-87CE-76CB687AAC3F}"
	ProjectSection(ProjectDependencies) = postProject
		{811D8369-14E9-4F41-B5AF-7E35B9C9EFF8} = {811D8369-14E9-4F41-B5AF-7E35B9C9EFF8}
		{B3A747CD-3767-4461-8A61-46D231070DF9} = {B3A747CD-3767-4461-8A61-46D231070DF9}
	EndProjectSection
EndProject
Project("{8BC9CEB8-8B4A-11D0-8D11-00A0C91BC942}") = "clsimvar", "clsimvar.vcproj", "{0E88ABC5-8C14-4A0F-A8DA-342BDA9BEFA3}"
	ProjectSection(ProjectDependencies) = postProject
		{811D8369-14E9-4F41-B5AF-7E35B9C9EFF8} = {811D8369-14E9-4F41-B5AF-7E35B9C9EFF8}
		{B3A747CD-3767-4461-8A61-46D231070DF9} = {B3A747CD-3767-4461-8A61-46D231070DF9}
	EndProjectSection
EndProject
Project("{8BC9CEB8-8B4A-11D0-8D11-00A0C91BC942}") = "pdvterm", "pdvterm.vcproj", "{5C662645-C28A-4781-A5E5-30D0520B7B9C}"
	ProjectSection(ProjectDependencies) = postProject
		{811D8369-14E9-4F41-B5AF-7E35B9C9EFF8} = {811D8369-14E9-4F41-B5AF-7E35B9C9EFF8}
		{B3A747CD-3767-4461-8A61-46D231070DF9} = {B3A747CD-3767-4461-8A61-46D231070DF9}
	EndProjectSection
EndProject
Project("{8BC9CEB8-8B4A-11D0-8D11-00A0C91BC942}") = "sample", "sample.vcproj", "{1206672E-39EF-42C7-86EE-965088D35088}"
	ProjectSection(ProjectDependencies) = postProject
		{811D8369-14E9-4F41-B5AF-7E35B9C9EFF8} = {811D8369-14E9-4F41-B5AF-7E35B9C9EFF8}
		{B3A747CD-3767-4461-8A61-46D231070DF9} = {B3A747CD-3767-4461-8A61-46D231070DF9}
	EndProjectSection
EndProject
Project("{8BC9CEB8-8B4A-11D0-8D11-00A0C91BC942}") = "set_si5338", "set_si5338.vcproj", "{FE1B50CC-3900-4AA4-BA8B-96A2C231391A}"
	ProjectSection(ProjectDependencies) = postProject
		{811D8369-14E9-4F41-B5AF-7E35B9C9EFF8} = {811D8369-14E9-4F41-B5AF-7E35B9C9EFF8}
		{B3A747CD-3767-4461-8A61-46D231070DF9} = {B3A747CD-3767-4461-8A61-46D231070DF9}
	EndProjectSection
EndProject
Project("{8BC9CEB8-8B4A-11D0-8D11-00A0C91BC942}") = "pdvlib", "pdvlib.vcproj", "{811D8369-14E9-4F41-B5AF-7E35B9C9EFF8}"
EndProject
Project("{8BC9CEB8-8B4A-11D0-8D11-00A0C91BC942}") = "libtiff", "libtiff.vcproj", "{B3A747CD-3767-4461-8A61-46D231070DF9}"
EndProject
Global
	GlobalSection(SolutionConfigurationPlatforms) = preSolution
		Debug|Win32 = Debug|Win32
		Debug|x64 = Debug|x64
		Release|Win32 = Release|Win32
		Release|x64 = Release|x64
	EndGlobalSection
	GlobalSection(ProjectConfigurationPlatforms) = postSolution
		{83647C5D-E2C8-4188-82B5-7405F5D98C2F}.Debug|Win32.ActiveCfg = Debug|Win32
		{83647C5D-E2C8-4188-82B5-7405F5D98C2F}.Debug|Win32.Build.0 = Debug|Win32
		{83647C5D-E2C8-4188-82B5-7405F5D98C2F}.Debug|x64.ActiveCfg = Debug|x64
		{83647C5D-E2C8-4188-82B5-7405F5D98C2F}.Debug|x64.Build.0 = Debug|x64
		{83647C5D-E2C8-4188-82B5-7405F5D98C2F}.Release|Win32.ActiveCfg = Release|Win32
		{83647C5D-E2C8-4188-82B5-7405F5D98C2F}.Release|Win32.Build.0 = Release|Win32
		{83647C5D-E2C8-4188-82B5-7405F5D98C2F}.Release|x64.ActiveCfg = Release|x64
		{83647C5D-E2C8-4188-82B5-7405F5D98C2F}.Release|x64.Build.0 = Release|x64
		{D6F3F462-250A-4769-9E5A-90C8EE65EE81}.Debug|Win32.ActiveCfg = Debug|Win32
		{D6F3F462-250A-4769-9E5A-90C8EE65EE81}.Debug|Win32.Build.0 = Debug|Win32
		{D6F3F462-250A-4769-9E5A-90C8EE65EE81}.Debug|x64.ActiveCfg = Debug|x64
		{D6F3F462-250A-4769-9E5A-90C8EE65EE81}.Debug|x64.Build.0 = Debug|x64
		{D6F3F462-250A-4769-9E5A-90C8EE65EE81}.Release|Win32.ActiveCfg = Release|Win32
		{D6F3F462-250A-4769-9E5A-90C8EE65EE81}.Release|Win32.Build.0 = Release|Win32
		{D6F3F462-250A-4769-9E5A-90C8EE65EE81}.Release|x64.ActiveCfg = Release|x64
		{D6F3F462-250A-4769-9E5A-90C8EE65EE81}.Release|x64.Build.0 = Release|x64
		{E01743CE-D704-45EF-8E68-DC78BD653E68}.Debug|Win32.ActiveCfg = Debug|Win32
		{E01743CE-D704-45EF-8E68-DC78BD653E68}.Debug|Win32.Build.0 = Debug|Win32
		{E01743CE-D704-45EF-8E68-DC78BD653E68}.Debug|x64.ActiveCfg = Debug|x64
		{E01743CE-D704-45EF-8E68-DC78BD653E68}.Debug|x64.Build.0 = Debug|x64
		{E01743CE-D704-45EF-8E68-DC78BD653E68}.Release|Win32.ActiveCfg = Release|Win32
		{E01743CE-D704-45EF-8E68-DC78BD653E68}.Release|Win32.Build.0 = Release|Win32
		{E01743CE-D704-45EF-8E68-DC78BD653E68}.Release|x64.ActiveCfg = Release|x64
		{E01743CE-D704-45EF-8E68-DC78BD653E68}.Release|x64.Build.0 = Release|x64
		{2297679C-CDE9-4651-9330-8881C4385176}.Debug|Win32.ActiveCfg = Debug|Win32
		{2297679C-CDE9-4651-9330-8881C4385176}.Debug|Win32.Build.0 = Debug|Win32
		{2297679C-CDE9-4651-9330-8881C4385176}.Debug|x64.ActiveCfg = Debug|x64
		{2297679C-CDE9-4651-9330-8881C4385176}.Debug|x64.Build.0 = Debug|x64
		{2297679C-CDE9-4651-9330-8881C4385176}.Release|Win32.ActiveCfg = Release|Win32
		{2297679C-CDE9-4651-9330-8881C4385176}.Release|Win32.Build.0 = Release|Win32
		{2297679C-CDE9-4651-9330-8881C4385176}.Release|x64.ActiveCfg = Release|x64
		{2297679C-CDE9-4651-9330-8881C4385176}.Release|x64.Build.0 = Release|x64
		{7531E53E-262B-4444-B7F7-C1C31F023415}.Debug|Win32.ActiveCfg = Debug|Win32
		{7531E53E-262B-4444-B7F7-C1C31F023415}.Debug|Win32.Build.0 = Debug|Win32
		{7531E53E-262B-4444-B7F7-C1C31F023415}.Debug|x64.ActiveCfg = Debug|x64
		{7531E53E-262B-4444-B7F7-C1C31F023415}.Debug|x64.Build.0 = Debug|x64
		{7531E53E-262B-4444-B7F7-C1C31F023415}.Release|Win32.ActiveCfg = Release|Win32
		{7531E53E-262B-4444-B7F7-C1C31F023415}.Release|Win32.Build.0 = Release|Win32
		{7531E53E-262B-4444-B7F7-C1C31F023415}.Release|x64.ActiveCfg = Release|x64
		{7531E53E-262B-4444-B7F7-C1C31F023415}.Release|x64.Build.0 = Release|x64
		{205EA484-8003-4E7D-8B3E-FEDB2D13590F}.Debug|Win32.ActiveCfg = Debug|Win32
		{205EA484-8003-4E7D-8B3E-FEDB2D13590F}.Debug|Win32.Build.0 = Debug|Win32
		{205EA484-8003-4E7D-8B3E-FEDB2D13590F}.Debug|x64.ActiveCfg = Debug|x64
		{205EA484-8003-4E7D-8B3E-FEDB2D13590F}.Debug|x64.Build.0 = Debug|x64
		{205EA484-8003-4E7D-8B3E-FEDB2D13590F}.Release|Win32.ActiveCfg = Release|Win32
		{205EA484-8003-4E7D-8B3E-FEDB2D13590F}.Release|Win32.Build.0 = Release|Win32
		{205EA484-8003-4E7D-8B3E-FEDB2D13590F}.Release|x64.ActiveCfg = Release|x64
		{205EA484-8003-4E7D-8B3E-FEDB2D13590F}.Release|x64.Build.0 = Release|x64
		{2A879185-CCC7-4369-9087-FACAC84A3D72}.Debug|Win32.ActiveCfg = Debug|Win32
		{2A879185-CCC7-4369-9087-FACAC84A3D72}.Debug|Win32.Build.0 = Debug|Win32
		{2A879185-CCC7-4369-9087-FACAC84A3D72}.Debug|x64.ActiveCfg = Debug|x64
		{2A879185-CCC7-4369-9087-FACAC84A3D72}.Debug|x64.Build.0 = Debug|x64
		{2A879185-CCC7-4369-9087-FACAC84A3D72}.Release|Win32.ActiveCfg = Release|Win32
		{2A879185-CCC7-4369-9087-FACAC84A3D72}.Release|Win32.Build.0 = Release|Win32
		{2A879185-CCC7-4369-9087-FACAC84A3D72}.Release|x64.ActiveCfg = Release|x64
		{2A879185-CCC7-4369-9087-FACAC84A3D72}.Release|x64.Build.0 = Release|x64
		{DF6E4FE5-CDAD-4C90-82BF-5899D617DF00}.Debug|Win32.ActiveCfg = Debug|Win32
		{DF6E4FE5-CDAD-4C90-82BF-5899D617DF00}.Debug|Win32.Build.0 = Debug|Win32
		{DF6E4FE5-CDAD-4C90-82BF-5899D617DF00}.Debug|x64.ActiveCfg = Debug|x64
		{DF6E4FE5-CDAD-4C90-82BF-5899D617DF00}.Debug|x64.Build.0 = Debug|x64
		{DF6E4FE5-CDAD-4C90-82BF-5899D617DF00}.Release|Win32.ActiveCfg = Release|Win32
		{DF6E4FE5-CDAD-4C90-82BF-5899D617DF00}.Release|Win32.Build.0 = Release|Win32
		{DF6E4FE5-CDAD-4C90-82BF-5899D617DF00}.Release|x64.ActiveCfg = Release|x64
		{DF6E4FE5-CDAD-4C90-82BF-5899D617DF00}.Release|x64.Build.0 = Release|x64
		{A520F3DF-FA00-4703-B9FE-F017C2AEF955}.Debug|Win32.ActiveCfg = Debug|Win32
		{A520F3DF-FA00-4703-B9FE-F017C2AEF955}.Debug|Win32.Build.0 = Debug|Win32
		{A520F3DF-FA00-4703-B9FE-F017C2AEF955}.Debug|x64.ActiveCfg = Debug|x64
		{A520F3DF-FA00-4703-B9FE-F017C2AEF955}.Debug|x64.Build.0 = Debug|x64
		{A520F3DF-FA00-4703-B9FE-F017C2AEF955}.Release|Win32.ActiveCfg = Release|Win32
		{A520F3DF-FA00-4703-B9FE-F017C2AEF955}.Release|Win32.Build.0 = Release|Win32
		{A520F3DF-FA00-4703-B9FE-F017C2AEF955}.Release|x64.ActiveCfg = Release|x64
		{A520F3DF-FA00-4703-B9FE-F017C2AEF955}.Release|x64.Build.0 = Release|x64
		{36394953-F5B8-44BD-B47A-9CFC2958796D}.Debug|Win32.ActiveCfg = Debug|Win32
		{36394953-F5B8-44BD-B47A-9CFC2958796D}.Debug|Win32.Build.0 = Debug|Win32
		{36394953-F5B8-44BD-B47A-9CFC2958796D}.Debug|x64.ActiveCfg = Debug|x64
		{36394953-F5B8-44BD-B47A-9CFC2958796D}.Debug|x64.Build.0 = Debug|x64
		{36394953-F5B8-44BD-B47A-9CFC2958796D}.Release|Win32.ActiveCfg = Release|Win32
		{36394953-F5B8-44BD-B47A-9CFC2958796D}.Release|Win32.Build.0 = Release|Win32
		{36394953-F5B8-44BD-B47A-9CFC2958796D}.Release|x64.ActiveCfg = Release|x64
		{36394953-F5B8-44BD-B47A-9CFC2958796D}.Release|x64.Build.0 = Release|x64
		{DBFFA2C9-D0A6-4E15-AA85-052670D8ACA6}.Debug|Win32.ActiveCfg = Debug|Win32
		{DBFFA2C9-D0A6-4E15-AA85-052670D8ACA6}.Debug|Win32.Build.0 = Debug|Win32
		{DBFFA2C9-D0A6-4E15-AA85-052670D8ACA6}.Debug|x64.ActiveCfg = Debug|x64
		{DBFFA2C9-D0A6-4E15-AA85-052670D8ACA6}.Debug|x64.Build.0 = Debug|x64
		{DBFFA2C9-D0A6-4E15-AA85-052670D8ACA6}.Release|Win32.ActiveCfg = Release|Win32
		{DBFFA2C9-D0A6-4E15-AA85-052670D8ACA6}.Release|Win32.Build.0 = Release|Win32
		{DBFFA2C9-D0A6-4E15-AA85-052670D8ACA6}.Release|x64.ActiveCfg = Release|x64
		{DBFFA2C9-D0A6-4E15-AA85-052670D8ACA6}.Release|x64.Build.0 = Release|x64
		{5495BF69-D087-4FF5-99E6-071DD35C812C}.Debug|Win32.ActiveCfg = Debug|Win32
		{5495BF69-D087-4FF5-99E6-071DD35C812C}.Debug|Win32.Build.0 = Debug|Win32
		{5495BF69-D087-4FF5-99E6-071DD35C812C}.Debug|x64.ActiveCfg = Debug|x64
		{5495BF69-D087-4FF5-99E6-071DD35C812C}.Debug|x64.Build.0 = Debug|x64
		{5495BF69-D087-4FF5-99E6-071DD35C812C}.Release|Win32.ActiveCfg = Release|Win32
		{5495BF69-D087-4FF5-99E6-071DD35C812C}.Release|Win32.Build.0 = Release|Win32
		{5495BF69-D087-4FF5-99E6-071DD35C812C}.Release|x64.ActiveCfg = Release|x64
		{5495BF69-D087-4FF5-99E6-071DD35C812C}.Release|x64.Build.0 = Release|x64
		{F41DAA84-6F88-4DAD-8E50-C2C38939DD89}.Debug|Win32.ActiveCfg = Debug|Win32
		{F41DAA84-6F88-4DAD-8E50-C2C38939DD89}.Debug|Win32.Build.0 = Debug|Win32
		{F41DAA84-6F88-4DAD-8E50-C2C38939DD89}.Debug|x64.ActiveCfg = Debug|x64
		{F41DAA84-6F88-4DAD-8E50-C2C38939DD89}.Debug|x64.Build.0 = Debug|x64
		{F41DAA84-6F88-4DAD-8E50-C2C38939DD89}.Release|Win32.ActiveCfg = Release|Win32
		{F41DAA84-6F88-4DAD-8E50-C2C38939DD89}.Release|Win32.Build.0 = Release|Win32
		{F41DAA84-6F88-4DAD-8E50-C2C38939DD89}.Release|x64.ActiveCfg = Release|x64
		{F41DAA84-6F88-4DAD-8E50-C2C38939DD89}.Release|x64.Build.0 = Release|x64
		{33F7EFFE-D656-47E8-BCEE-ADB236FFA0CF}.Debug|Win32.ActiveCfg = Debug|Win32
		{33F7EFFE-D656-47E8-BCEE-ADB236FFA0CF}.Debug|Win32.Build.0 = Debug|Win32
		{33F7EFFE-D656-47E8-BCEE-ADB236FFA0CF}.Debug|x64.ActiveCfg = Debug|x64
		{33F7EFFE-D656-47E8-BCEE-ADB236FFA0CF}.Debug|x64.Build.0 = Debug|x64
		{33F7EFFE-D656-47E8-BCEE-ADB236FFA0CF}.Release|Win32.ActiveCfg = Release|Win32
		{33F7EFFE-D656-47E8-BCEE-ADB236FFA0CF}.Release|Win32.Build.0 = Release|Win32
		{33F7EFFE-D656-47E8-BCEE-ADB236FFA0CF}.Release|x64.ActiveCfg = Release|x64
		{33F7EFFE-D656-47E8-BCEE-ADB236FFA0CF}.Release|x64.Build.0 = Release|x64
		{D3BAE108-0C9A-40AC-882F-4D2941FEE50A}.Debug|Win32.ActiveCfg = Debug|Win32
		{D3BAE108-0C9A-40AC-882F-4D2941FEE50A}.Debug|Win32.Build.0 = Debug|Win32
		{D3BAE108-0C9A-40AC-882F-4D2941FEE50A}.Debug|x64.ActiveCfg = Debug|x64
		{D3BAE108-0C9A-40AC-882F-4D2941FEE50A}.Debug|x64.Build.0 = Debug|x64
		{D3BAE108-0C9A-40AC-882F-4D2941FEE50A}.Release|Win32.ActiveCfg = Release|Win32
		{D3BAE108-0C9A-40AC-882F-4D2941FEE50A}.Release|Win32.Build.0 = Release|Win32
		{D3BAE108-0C9A-40AC-882F-4D2941FEE50A}.Release|x64.ActiveCfg = Release|x64
		{D3BAE108-0C9A-40AC-882F-4D2941FEE50A}.Release|x64.Build.0 = Release|x64
		{A1ADCA13-5A57-439B-BC78-1B455C5C9C19}.Debug|Win32.ActiveCfg = Debug|Win32
		{A1ADCA13-5A57-439B-BC78-1B455C5C9C19}.Debug|Win32.Build.0 = Debug|Win32
		{A1ADCA13-5A57-439B-BC78-1B455C5C9C19}.Debug|x64.ActiveCfg = Debug|x64
		{A1ADCA13-5A57-439B-BC78-1B455C5C9C19}.Debug|x64.Build.0 = Debug|x64
		{A1ADCA13-5A57-439B-BC78-1B455C5C9C19}.Release|Win32.ActiveCfg = Release|Win32
		{A1ADCA13-5A57-439B-BC78-1B455C5C9C19}.Release|Win32.Build.0 = Release|Win32
		{A1ADCA13-5A57-439B-BC78-1B455C5C9C19}.Release|x64.ActiveCfg = Release|x64
		{A1ADCA13-5A57-439B-BC78-1B455C5C9C19}.Release|x64.Build.0 = Release|x64
		{38A446FA-29CF-4D68-8D0F-1BCC17C73364}.Debug|Win32.ActiveCfg = Debug|Win32
		{38A446FA-29CF-4D68-8D0F-1BCC17C73364}.Debug|Win32.Build.0 = Debug|Win32
		{38A446FA-29CF-4D68-8D0F-1BCC17C73364}.Debug|x64.ActiveCfg = Debug|x64
		{38A446FA-29CF-4D68-8D0F-1BCC17C73364}.Debug|x64.Build.0 = Debug|x64
		{38A446FA-29CF-4D68-8D0F-1BCC17C73364}.Release|Win32.ActiveCfg = Release|Win32
		{38A446FA-29CF-4D68-8D0F-1BCC17C73364}.Release|Win32.Build.0 = Release|Win32
		{38A446FA-29CF-4D68-8D0F-1BCC17C73364}.Release|x64.ActiveCfg = Release|x64
		{38A446FA-29CF-4D68-8D0F-1BCC17C73364}.Release|x64.Build.0 = Release|x64
		{57A1282E-087F-4F41-ABA1-371D9A790869}.Debug|Win32.ActiveCfg = Debug|Win32
		{57A1282E-087F-4F41-ABA1-371D9A790869}.Debug|Win32.Build.0 = Debug|Win32
		{57A1282E-087F-4F41-ABA1-371D9A790869}.Debug|x64.ActiveCfg = Debug|x64
		{57A1282E-087F-4F41-ABA1-371D9A790869}.Debug|x64.Build.0 = Debug|x64
		{57A1282E-087F-4F41-ABA1-371D9A790869}.Release|Win32.ActiveCfg = Release|Win32
		{57A1282E-087F-4F41-ABA1-371D9A790869}.Release|Win32.Build.0 = Release|Win32
		{57A1282E-087F-4F41-ABA1-371D9A790869}.Release|x64.ActiveCfg = Release|x64
		{57A1282E-087F-4F41-ABA1-371D9A790869}.Release|x64.Build.0 = Release|x64
		{3ACB84AA-011D-4C21-AAA6-C53A0F1F38B7}.Debug|Win32.ActiveCfg = Debug|Win32
		{3ACB84AA-011D-4C21-AAA6-C53A0F1F38B7}.Debug|Win32.Build.0 = Debug|Win32
		{3ACB84AA-011D-4C21-AAA6-C53A0F1F38B7}.Debug|x64.ActiveCfg = Debug|x64
		{3ACB84AA-011D-4C21-AAA6-C53A0F1F38B7}.Debug|x64.Build.0 = Debug|x64
		{3ACB84AA-011D-4C21-AAA6-C53A0F1F38B7}.Release|Win32.ActiveCfg = Release|Win32
		{3ACB84AA-011D-4C21-AAA6-C53A0F1F38B7}.Release|Win32.Build.0 = Release|Win32
		{3ACB84AA-011D-4C21-AAA6-C53A0F1F38B7}.Release|x64.ActiveCfg = Release|x64
		{3ACB84AA-011D-4C21-AAA6-C53A0F1F38B7}.Release|x64.Build.0 = Release|x64
		{EB65F1BF-749E-4FB3-AA38-41AE72B8D0D2}.Debug|Win32.ActiveCfg = Debug|Win32
		{EB65F1BF-749E-4FB3-AA38-41AE72B8D0D2}.Debug|Win32.Build.0 = Debug|Win32
		{EB65F1BF-749E-4FB3-AA38-41AE72B8D0D2}.Debug|x64.ActiveCfg = Debug|x64
		{EB65F1BF-749E-4FB3-AA38-41AE72B8D0D2}.Debug|x64.Build.0 = Debug|x64
		{EB65F1BF-749E-4FB3-AA38-41AE72B8D0D2}.Release|Win32.ActiveCfg = Release|Win32
		{EB65F1BF-749E-4FB3-AA38-41AE72B8D0D2}.Release|Win32.Build.0 = Release|Win32
		{EB65F1BF-749E-4FB3-AA38-41AE72B8D0D2}.Release|x64.ActiveCfg = Release|x64
		{EB65F1BF-749E-4FB3-AA38-41AE72B8D0D2}.Release|x64.Build.0 = Release|x64
		{7D3AF779-F96C-4DCD-94B1-F6583749E7A8}.Debug|Win32.ActiveCfg = Debug|Win32
		{7D3AF779-F96C-4DCD-94B1-F6583749E7A8}.Debug|Win32.Build.0 = Debug|Win32
		{7D3AF779-F96C-4DCD-94B1-F6583749E7A8}.Debug|x64.ActiveCfg = Debug|x64
		{7D3AF779-F96C-4DCD-94B1-F6583749E7A8}.Debug|x64.Build.0 = Debug|x64
		{7D3AF779-F96C-4DCD-94B1-F6583749E7A8}.Release|Win32.ActiveCfg = Release|Win32
		{7D3AF779-F96C-4DCD-94B1-F6583749E7A8}.Release|Win32.Build.0 = Release|Win32
		{7D3AF779-F96C-4DCD-94B1-F6583749E7A8}.Release|x64.ActiveCfg = Release|x64
		{7D3AF779-F96C-4DCD-94B1-F6583749E7A8}.Release|x64.Build.0 = Release|x64
		{8CD3DF0E-63E4-4D6D-8E01-16AC4C6000EC}.Debug|Win32.ActiveCfg = Debug|Win32
		{8CD3DF0E-63E4-4D6D-8E01-16AC4C6000EC}.Debug|Win32.Build.0 = Debug|Win32
		{8CD3DF0E-63E4-4D6D-8E01-16AC4C6000EC}.Debug|x64.ActiveCfg = Debug|x64
		{8CD3DF0E-63E4-4D6D-8E01-16AC4C6000EC}.Debug|x64.Build.0 = Debug|x64
		{8CD3DF0E-63E4-4D6D-8E01-16AC4C6000EC}.Release|Win32.ActiveCfg = Release|Win32
		{8CD3DF0E-63E4-4D6D-8E01-16AC4C6000EC}.Release|Win32.Build.0 = Release|Win32
		{8CD3DF0E-63E4-4D6D-8E01-16AC4C6000EC}.Release|x64.ActiveCfg = Release|x64
		{8CD3DF0E-63E4-4D6D-8E01-16AC4C6000EC}.Release|x64.Build.0 = Release|x64
		{666BE814-9768-479E-A89B-DFFD16223C5D}.Debug|Win32.ActiveCfg = Debug|Win32
		{666BE814-9768-479E-A89B-DFFD16223C5D}.Debug|Win32.Build.0 = Debug|Win32
		{666BE814-9768-479E-A89B-DFFD16223C5D}.Debug|x64.ActiveCfg = Debug|x64
		{666BE814-9768-479E-A89B-DFFD16223C5D}.Debug|x64.Build.0 = Debug|x64
		{666BE814-9768-479E-A89B-DFFD16223C5D}.Release|Win32.ActiveCfg = Release|Win32
		{666BE814-9768-479E-A89B-DFFD16223C5D}.Release|Win32.Build.0 = Release|Win32
		{666BE814-9768-479E-A89B-DFFD16223C5D}.Release|x64.ActiveCfg = Release|x64
		{666BE814-9768-479E-A89B-DFFD16223C5D}.Release|x64.Build.0 = Release|x64
		{7E274AE7-A027-43EC-B1F7-25B84A76D5BD}.Debug|Win32.ActiveCfg = Debug|Win32
		{7E274AE7-A027-43EC-B1F7-25B84A76D5BD}.Debug|Win32.Build.0 = Debug|Win32
		{7E274AE7-A027-43EC-B1F7-25B84A76D5BD}.Debug|x64.ActiveCfg = Debug|x64
		{7E274AE7-A027-43EC-B1F7-25B84A76D5BD}.Debug|x64.Build.0 = Debug|x64
		{7E274AE7-A027-43EC-B1F7-25B84A76D5BD}.Release|Win32.ActiveCfg = Release|Win32
		{7E274AE7-A027-43EC-B1F7-25B84A76D5BD}.Release|Win32.Build.0 = Release|Win32
		{7E274AE7-A027-43EC-B1F7-25B84A76D5BD}.Release|x64.ActiveCfg = Release|x64
		{7E274AE7-A027-43EC-B1F7-25B84A76D5BD}.Release|x64.Build.0 = Release|x64
		{113572D1-EB36-458E-B223-598AD84EBCD2}.Debug|Win32.ActiveCfg = Debug|Win32
		{113572D1-EB36-458E-B223-598AD84EBCD2}.Debug|Win32.Build.0 = Debug|Win32
		{113572D1-EB36-458E-B223-598AD84EBCD2}.Debug|x64.ActiveCfg = Debug|x64
		{113572D1-EB36-458E-B223-598AD84EBCD2}.Debug|x64.Build.0 = Debug|x64
		{113572D1-EB36-458E-B223-598AD84EBCD2}.Release|Win32.ActiveCfg = Release|Win32
		{113572D1-EB36-458E-B223-598AD84EBCD2}.Release|Win32.Build.0 = Release|Win32
		{113572D1-EB36-458E-B223-598AD84EBCD2}.Release|x64.ActiveCfg = Release|x64
		{113572D1-EB36-458E-B223-598AD84EBCD2}.Release|x64.Build.0 = Release|x64
		{DF2E8B8F-632B-4E33-A2E3-E30BBC3A754C}.Debug|Win32.ActiveCfg = Debug|Win32
		{DF2E8B8F-632B-4E33-A2E3-E30BBC3A754C}.Debug|Win32.Build.0 = Debug|Win32
		{DF2E8B8F-632B-4E33-A2E3-E30BBC3A754C}.Debug|x64.ActiveCfg = Debug|x64
		{DF2E8B8F-632B-4E33-A2E3-E30BBC3A754C}.Debug|x64.Build.0 = Debug|x64
		{DF2E8B8F-632B-4E33-A2E3-E30BBC3A754C}.Release|Win32.ActiveCfg = Release|Win32
		{DF2E8B8F-632B-4E33-A2E3-E30BBC3A754C}.Release|Win32.Build.0 = Release|Win32
		{DF2E8B8F-632B-4E33-A2E3-E30BBC3A754C}.Release|x64.ActiveCfg = Release|x64
		{DF2E8B8F-632B-4E33-A2E3-E30BBC3A754C}.Release|x64.Build.0 = Release|x64
		{2CCB12C7-BBF4-4D7F-A6B0-CE38BD1E0DC2}.Debug|Win32.ActiveCfg = Debug|Win32
		{2CCB12C7-BBF4-4D7F-A6B0-CE38BD1E0DC2}.Debug|Win32.Build.0 = Debug|Win32
		{2CCB12C7-BBF4-4D7F-A6B0-CE38BD1E0DC2}.Debug|x64.ActiveCfg = Debug|x64
		{2CCB12C7-BBF4-4D7F-A6B0-CE38BD1E0DC2}.Debug|x64.Build.0 = Debug|x64
		{2CCB12C7-BBF4-4D7F-A6B0-CE38BD1E0DC2}.Release|Win32.ActiveCfg = Release|Win32
		{2CCB12C7-BBF4-4D7F-A6B0-CE38BD1E0DC2}.Release|Win32.Build.0 = Release|Win32
		{2CCB12C7-BBF4-4D7F-A6B0-CE38BD1E0DC2}.Release|x64.ActiveCfg = Release|x64
		{2CCB12C7-BBF4-4D7F-A6B0-CE38BD1E0DC2}.Release|x64.Build.0 = Release|x64
		{59EAC71E-9DA7-4BE8-8330-426D94841DD2}.Debug|Win32.ActiveCfg = Debug|Win32
		{59EAC71E-9DA7-4BE8-8330-426D94841DD2}.Debug|Win32.Build.0 = Debug|Win32
		{59EAC71E-9DA7-4BE8-8330-426D94841DD2}.Debug|x64.ActiveCfg = Debug|x64
		{59EAC71E-9DA7-4BE8-8330-426D94841DD2}.Debug|x64.Build.0 = Debug|x64
		{59EAC71E-9DA7-4BE8-8330-426D94841DD2}.Release|Win32.ActiveCfg = Release|Win32
		{59EAC71E-9DA7-4BE8-8330-426D94841DD2}.Release|Win32.Build.0 = Release|Win32
		{59EAC71E-9DA7-4BE8-8330-426D94841DD2}.Release|x64.ActiveCfg = Release|x64
		{59EAC71E-9DA7-4BE8-8330-426D94841DD2}.Release|x64.Build.0 = Release|x64
		{2A337836-2A68-4896-A26E-85B9214474C2}.Debug|Win32.ActiveCfg = Debug|Win32
		{2A337836-2A68-4896-A26E-85B9214474C2}.Debug|Win32.Build.0 = Debug|Win32
		{2A337836-2A68-4896-A26E-85B9214474C2}.Debug|x64.ActiveCfg = Debug|x64
		{2A337836-2A68-4896-A26E-85B9214474C2}.Debug|x64.Build.0 = Debug|x64
		{2A337836-2A68-4896-A26E-85B9214474C2}.Release|Win32.ActiveCfg = Release|Win32
		{2A337836-2A68-4896-A26E-85B9214474C2}.Release|Win32.Build.0 = Release|Win32
		{2A337836-2A68-4896-A26E-85B9214474C2}.Release|x64.ActiveCfg = Release|x64
		{2A337836-2A68-4896-A26E-85B9214474C2}.Release|x64.Build.0 = Release|x64
		{1E909F3D-9FF9-454B-9B0A-152D36319DF4}.Debug|Win32.ActiveCfg = Debug|Win32
		{1E909F3D-9FF9-454B-9B0A-152D36319DF4}.Debug|Win32.Build.0 = Debug|Win32
		{1E909F3D-9FF9-454B-9B0A-152D36319DF4}.Debug|x64.ActiveCfg = Debug|x64
		{1E909F3D-9FF9-454B-9B0A-152D36319DF4}.Debug|x64.Build.0 = Debug|x64
		{1E909F3D-9FF9-454B-9B0A-152D36319DF4}.Release|Win32.ActiveCfg = Release|Win32
		{1E909F3D-9FF9-454B-9B0A-152D36319DF4}.Release|Win32.Build.0 = Release|Win32
		{1E909F3D-9FF9-454B-9B0A-152D36319DF4}.Release|x64.ActiveCfg = Release|x64
		{1E909F3D-9FF9-454B-9B0A-152D36319DF4}.Release|x64.Build.0 = Release|x64
		{4559FE1B-BB60-4EE3-89DD-E5EEAEB6895A}.Debug|Win32.ActiveCfg = Debug|Win32
		{4559FE1B-BB60-4EE3-89DD-E5EEAEB6895A}.Debug|Win32.Build.0 = Debug|Win32
		{4559FE1B-BB60-4EE3-89DD-E5EEAEB6895A}.Debug|x64.ActiveCfg = Debug|x64
		{4559FE1B-BB60-4EE3-89DD-E5EEAEB6895A}.Debug|x64.Build.0 = Debug|x64
		{4559FE1B-BB60-4EE3-89DD-E5EEAEB6895A}.Release|Win32.ActiveCfg = Release|Win32
		{4559FE1B-BB60-4EE3-89DD-E5EEAEB6895A}.Release|Win32.Build.0 = Release|Win32
		{4559FE1B-BB60-4EE3-89DD-E5EEAEB6895A}.Release|x64.ActiveCfg = Release|x64
		{4559FE1B-BB60-4EE3-89DD-E5EEAEB6895A}.Release|x64.Build.0 = Release|x64
		{EE457C88-58AE-4D09-A50E-E856345D1B76}.Debug|Win32.ActiveCfg = Debug|Win32
		{EE457C88-58AE-4D09-A50E-E856345D1B76}.Debug|Win32.Build.0 = Debug|Win32
		{EE457C88-58AE-4D09-A50E-E856345D1B76}.Debug|x64.ActiveCfg = Debug|x64
		{EE457C88-58AE-4D09-A50E-E856345D1B76}.Debug|x64.Build.0 = Debug|x64
		{EE457C88-58AE-4D09-A50E-E856345D1B76}.Release|Win32.ActiveCfg = Release|Win32
		{EE457C88-58AE-4D09-A50E-E856345D1B76}.Release|Win32.Build.0 = Release|Win32
		{EE457C88-58AE-4D09-A50E-E856345D1B76}.Release|x64.ActiveCfg = Release|x64
		{EE457C88-58AE-4D09-A50E-E856345D1B76}.Release|x64.Build.0 = Release|x64
		{6DE80C8F-87C6-4118-81A6-71677D77DDE2}.Debug|Win32.ActiveCfg = Debug|Win32
		{6DE80C8F-87C6-4118-81A6-71677D77DDE2}.Debug|Win32.Build.0 = Debug|Win32
		{6DE80C8F-87C6-4118-81A6-71677D77DDE2}.Debug|x64.ActiveCfg = Debug|x64
		{6DE80C8F-87C6-4118-81A6-71677D77DDE2}.Debug|x64.Build.0 = Debug|x64
		{6DE80C8F-87C6-4118-81A6-71677D77DDE2}.Release|Win32.ActiveCfg = Release|Win32
		{6DE80C8F-87C6-4118-81A6-71677D77DDE2}.Release|Win32.Build.0 = Release|Win32
		{6DE80C8F-87C6-4118-81A6-71677D77DDE2}.Release|x64.ActiveCfg = Release|x64
		{6DE80C8F-87C6-4118-81A6-71677D77DDE2}.Release|x64.Build.0 = Release|x64
		{74BC5E67-FBD3-4D25-A468-E304AD5EB69C}.Debug|Win32.ActiveCfg = Debug|Win32
		{74BC5E67-FBD3-4D25-A468-E304AD5EB69C}.Debug|Win32.Build.0 = Debug|Win32
		{74BC5E67-FBD3-4D25-A468-E304AD5EB69C}.Debug|x64.ActiveCfg = Debug|x64
		{74BC5E67-FBD3-4D25-A468-E304AD5EB69C}.Debug|x64.Build.0 = Debug|x64
		{74BC5E67-FBD3-4D25-A468-E304AD5EB69C}.Release|Win32.ActiveCfg = Release|Win32
		{74BC5E67-FBD3-4D25-A468-E304AD5EB69C}.Release|Win32.Build.0 = Release|Win32
		{74BC5E67-FBD3-4D25-A468-E304AD5EB69C}.Release|x64.ActiveCfg = Release|x64
		{74BC5E67-FBD3-4D25-A468-E304AD5EB69C}.Release|x64.Build.0 = Release|x64
		{62694E97-26D3-43BF-833F-9FB866526F94}.Debug|Win32.ActiveCfg = Debug|Win32
		{62694E97-26D3-43BF-833F-9FB866526F94}.Debug|Win32.Build.0 = Debug|Win32
		{62694E97-26D3-43BF-833F-9FB866526F94}.Debug|x64.ActiveCfg = Debug|x64
		{62694E97-26D3-43BF-833F-9FB866526F94}.Debug|x64.Build.0 = Debug|x64
		{62694E97-26D3-43BF-833F-9FB866526F94}.Release|Win32.ActiveCfg = Release|Win32
		{62694E97-26D3-43BF-833F-9FB866526F94}.Release|Win32.Build.0 = Release|Win32
		{62694E97-26D3-43BF-833F-9FB866526F94}.Release|x64.ActiveCfg = Release|x64
		{62694E97-26D3-43BF-833F-9FB866526F94}.Release|x64.Build.0 = Release|x64
		{B975F463-DE8B-4B48-A249-93650C2228D8}.Debug|Win32.ActiveCfg = Debug|Win32
		{B975F463-DE8B-4B48-A249-93650C2228D8}.Debug|Win32.Build.0 = Debug|Win32
		{B975F463-DE8B-4B48-A249-93650C2228D8}.Debug|x64.ActiveCfg = Debug|x64
		{B975F463-DE8B-4B48-A249-93650C2228D8}.Debug|x64.Build.0 = Debug|x64
		{B975F463-DE8B-4B48-A249-93650C2228D8}.Release|Win32.ActiveCfg = Release|Win32
		{B975F463-DE8B-4B48-A249-93650C2228D8}.Release|Win32.Build.0 = Release|Win32
		{B975F463-DE8B-4B48-A249-93650C2228D8}.Release|x64.ActiveCfg = Release|x64
		{B975F463-DE8B-4B48-A249-93650C2228D8}.Release|x64.Build.0 = Release|x64
		{AE7E9908-B8F8-4024-98D5-9288180434ED}.Debug|Win32.ActiveCfg = Debug|Win32
		{AE7E9908-B8F8-4024-98D5-9288180434ED}.Debug|Win32.Build.0 = Debug|Win32
		{AE7E9908-B8F8-4024-98D5-9288180434ED}.Debug|x64.ActiveCfg = Debug|x64
		{AE7E9908-B8F8-4024-98D5-9288180434ED}.Debug|x64.Build.0 = Debug|x64
		{AE7E9908-B8F8-4024-98D5-9288180434ED}.Release|Win32.ActiveCfg = Release|Win32
		{AE7E9908-B8F8-4024-98D5-9288180434ED}.Release|Win32.Build.0 = Release|Win32
		{AE7E9908-B8F8-4024-98D5-9288180434ED}.Release|x64.ActiveCfg = Release|x64
		{AE7E9908-B8F8-4024-98D5-9288180434ED}.Release|x64.Build.0 = Release|x64
		{12AFBF08-A098-4518-9CE1-B0068643138C}.Debug|Win32.ActiveCfg = Debug|Win32
		{12AFBF08-A098-4518-9CE1-B0068643138C}.Debug|Win32.Build.0 = Debug|Win32
		{12AFBF08-A098-4518-9CE1-B0068643138C}.Debug|x64.ActiveCfg = Debug|x64
		{12AFBF08-A098-4518-9CE1-B0068643138C}.Debug|x64.Build.0 = Debug|x64
		{12AFBF08-A098-4518-9CE1-B0068643138C}.Release|Win32.ActiveCfg = Release|Win32
		{12AFBF08-A098-4518-9CE1-B0068643138C}.Release|Win32.Build.0 = Release|Win32
		{12AFBF08-A098-4518-9CE1-B0068643138C}.Release|x64.ActiveCfg = Release|x64
		{12AFBF08-A098-4518-9CE1-B0068643138C}.Release|x64.Build.0 = Release|x64
		{B62B37DA-F171-42E0-A6AB-2B560E6245B3}.Debug|Win32.ActiveCfg = Debug|Win32
		{B62B37DA-F171-42E0-A6AB-2B560E6245B3}.Debug|Win32.Build.0 = Debug|Win32
		{B62B37DA-F171-42E0-A6AB-2B560E6245B3}.Debug|x64.ActiveCfg = Debug|x64
		{B62B37DA-F171-42E0-A6AB-2B560E6245B3}.Debug|x64.Build.0 = Debug|x64
		{B62B37DA-F171-42E0-A6AB-2B560E6245B3}.Release|Win32.ActiveCfg = Release|Win32
		{B62B37DA-F171-42E0-A6AB-2B560E6245B3}.Release|Win32.Build.0 = Release|Win32
		{B62B37DA-F171-42E0-A6AB-2B560E6245B3}.Release|x64.ActiveCfg = Release|x64
		{B62B37DA-F171-42E0-A6AB-2B560E6245B3}.Release|x64.Build.0 = Release|x64
		{32011C0E-000D-41D4-A6D9-D11633E8AF31}.Debug|Win32.ActiveCfg = Debug|Win32
		{32011C0E-000D-41D4-A6D9-D11633E8AF31}.Debug|Win32.Build.0 = Debug|Win32
		{32011C0E-000D-41D4-A6D9-D11633E8AF31}.Debug|x64.ActiveCfg = Debug|x64
		{32011C0E-000D-41D4-A6D9-D11633E8AF31}.Debug|x64.Build.0 = Debug|x64
		{32011C0E-000D-41D4-A6D9-D11633E8AF31}.Release|Win32.ActiveCfg = Release|Win32
		{32011C0E-000D-41D4-A6D9-D11633E8AF31}.Release|Win32.Build.0 = Release|Win32
		{32011C0E-000D-41D4-A6D9-D11633E8AF31}.Release|x64.ActiveCfg = Release|x64
		{32011C0E-000D-41D4-A6D9-D11633E8AF31}.Release|x64.Build.0 = Release|x64
		{50E0CBCB-80EF-4190-9F45-385FBD9339D0}.Debug|Win32.ActiveCfg = Debug|Win32
		{50E0CBCB-80EF-4190-9F45-385FBD9339D0}.Debug|Win32.Build.0 = Debug|Win32
		{50E0CBCB-80EF-4190-9F45-385FBD9339D0}.Debug|x64.ActiveCfg = Debug|x64
		{50E0CBCB-80EF-4190-9F45-385FBD9339D0}.Debug|x64.Build.0 = Debug|x64
		{50E0CBCB-80EF-4190-9F45-385FBD9339D0}.Release|Win32.ActiveCfg = Release|Win32
		{50E0CBCB-80EF-4190-9F45-385FBD9339D0}.Release|Win32.Build.0 = Release|Win32
		{50E0CBCB-80EF-4190-9F45-385FBD9339D0}.Release|x64.ActiveCfg = Release|x64
		{50E0CBCB-80EF-4190-9F45-385FBD9339D0}.Release|x64.Build.0 = Release|x64
		{953009BA-2365-422A-A9BE-A1F543315EE4}.Debug|Win32.ActiveCfg = Debug|Win32
		{953009BA-2365-422A-A9BE-A1F543315EE4}.Debug|Win32.Build.0 = Debug|Win32
		{953009BA-2365-422A-A9BE-A1F543315EE4}.Debug|x64.ActiveCfg = Debug|x64
		{953009BA-2365-422A-A9BE-A1F543315EE4}.Debug|x64.Build.0 = Debug|x64
		{953009BA-2365-422A-A9BE-A1F543315EE4}.Release|Win32.ActiveCfg = Release|Win32
		{953009BA-2365-422A-A9BE-A1F543315EE4}.Release|Win32.Build.0 = Release|Win32
		{953009BA-2365-422A-A9BE-A1F543315EE4}.Release|x64.ActiveCfg = Release|x64
		{953009BA-2365-422A-A9BE-A1F543315EE4}.Release|x64.Build.0 = Release|x64
		{FB46242F-F347-4C8F-9DD8-97F2DAF70F93}.Debug|Win32.ActiveCfg = Debug|Win32
		{FB46242F-F347-4C8F-9DD8-97F2DAF70F93}.Debug|Win32.Build.0 = Debug|Win32
		{FB46242F-F347-4C8F-9DD8-97F2DAF70F93}.Debug|x64.ActiveCfg = Debug|x64
		{FB46242F-F347-4C8F-9DD8-97F2DAF70F93}.Debug|x64.Build.0 = Debug|x64
		{FB46242F-F347-4C8F-9DD8-97F2DAF70F93}.Release|Win32.ActiveCfg = Release|Win32
		{FB46242F-F347-4C8F-9DD8-97F2DAF70F93}.Release|Win32.Build.0 = Release|Win32
		{FB46242F-F347-4C8F-9DD8-97F2DAF70F93}.Release|x64.ActiveCfg = Release|x64
		{FB46242F-F347-4C8F-9DD8-97F2DAF70F93}.Release|x64.Build.0 = Release|x64
		{325277C8-6ADA-46D2-A219-C3C38D76172F}.Debug|Win32.ActiveCfg = Debug|Win32
		{325277C8-6ADA-46D2-A219-C3C38D76172F}.Debug|Win32.Build.0 = Debug|Win32
		{325277C8-6ADA-46D2-A219-C3C38D76172F}.Debug|x64.ActiveCfg = Debug|x64
		{325277C8-6ADA-46D2-A219-C3C38D76172F}.Debug|x64.Build.0 = Debug|x64
		{325277C8-6ADA-46D2-A219-C3C38D76172F}.Release|Win32.ActiveCfg = Release|Win32
		{325277C8-6ADA-46D2-A219-C3C38D76172F}.Release|Win32.Build.0 = Release|Win32
		{325277C8-6ADA-46D2-A219-C3C38D76172F}.Release|x64.ActiveCfg = Release|x64
		{325277C8-6ADA-46D2-A219-C3C38D76172F}.Release|x64.Build.0 = Release|x64
		{FF4A3D78-CAB8-4211-B370-E1FDF595F3EF}.Debug|Win32.ActiveCfg = Debug|Win32
		{FF4A3D78-CAB8-4211-B370-E1FDF595F3EF}.Debug|Win32.Build.0 = Debug|Win32
		{FF4A3D78-CAB8-4211-B370-E1FDF595F3EF}.Debug|x64.ActiveCfg = Debug|x64
		{FF4A3D78-CAB8-4211-B370-E1FDF595F3EF}.Debug|x64.Build.0 = Debug|x64
		{FF4A3D78-CAB8-4211-B370-E1FDF595F3EF}.Release|Win32.ActiveCfg = Release|Win32
		{FF4A3D78-CAB8-4211-B370-E1FDF595F3EF}.Release|Win32.Build.0 = Release|Win32
		{FF4A3D78-CAB8-4211-B370-E1FDF595F3EF}.Release|x64.ActiveCfg = Release|x64
		{FF4A3D78-CAB8-4211-B370-E1FDF595F3EF}.Release|x64.Build.0 = Release|x64
		{FACE020C-F162-4B77-BCE7-861DF81D82CA}.Debug|Win32.ActiveCfg = Debug|Win32
		{FACE020C-F162-4B77-BCE7-861DF81D82CA}.Debug|Win32.Build.0 = Debug|Win32
		{FACE020C-F162-4B77-BCE7-861DF81D82CA}.Debug|x64.ActiveCfg = Debug|x64
		{FACE020C-F162-4B77-BCE7-861DF81D82CA}.Debug|x64.Build.0 = Debug|x64
		{FACE020C-F162-4B77-BCE7-861DF81D82CA}.Release|Win32.ActiveCfg = Release|Win32
		{FACE020C-F162-4B77-BCE7-861DF81D82CA}.Release|Win32.Build.0 = Release|Win32
		{FACE020C-F162-4B77-BCE7-861DF81D82CA}.Release|x64.ActiveCfg = Release|x64
		{FACE020C-F162-4B77-BCE7-861DF81D82CA}.Release|x64.Build.0 = Release|x64
		{AB030A82-A9FA-42F5-ABBC-B4EFD8D659EC}.Debug|Win32.ActiveCfg = Debug|Win32
		{AB030A82-A9FA-42F5-ABBC-B4EFD8D659EC}.Debug|Win32.Build.0 = Debug|Win32
		{AB030A82-A9FA-42F5-ABBC-B4EFD8D659EC}.Debug|x64.ActiveCfg = Debug|x64
		{AB030A82-A9FA-42F5-ABBC-B4EFD8D659EC}.Debug|x64.Build.0 = Debug|x64
		{AB030A82-A9FA-42F5-ABBC-B4EFD8D659EC}.Release|Win32.ActiveCfg = Release|Win32
		{AB030A82-A9FA-42F5-ABBC-B4EFD8D659EC}.Release|Win32.Build.0 = Release|Win32
		{AB030A82-A9FA-42F5-ABBC-B4EFD8D659EC}.Release|x64.ActiveCfg = Release|x64
		{AB030A82-A9FA-42F5-ABBC-B4EFD8D659EC}.Release|x64.Build.0 = Release|x64
		{FCF54FA0-1A7B-4953-87CE-76CB687AAC3F}.Debug|Win32.ActiveCfg = Debug|Win32
		{FCF54FA0-1A7B-4953-87CE-76CB687AAC3F}.Debug|Win32.Build.0 = Debug|Win32
		{FCF54FA0-1A7B-4953-87CE-76CB687AAC3F}.Debug|x64.ActiveCfg = Debug|x64
		{FCF54FA0-1A7B-4953-87CE-76CB687AAC3F}.Debug|x64.Build.0 = Debug|x64
		{FCF54FA0-1A7B-4953-87CE-76CB687AAC3F}.Release|Win32.ActiveCfg = Release|Win32
		{FCF54FA0-1A7B-4953-87CE-76CB687AAC3F}.Release|Win32.Build.0 = Release|Win32
		{FCF54FA0-1A7B-4953-87CE-76CB687AAC3F}.Release|x64.ActiveCfg = Release|x64
		{FCF54FA0-1A7B-4953-87CE-76CB687AAC3F}.Release|x64.Build.0 = Release|x64
		{0E88ABC5-8C14-4A0F-A8DA-342BDA9BEFA3}.Debug|Win32.ActiveCfg = Debug|Win32
		{0E88ABC5-8C14-4A0F-A8DA-342BDA9BEFA3}.Debug|Win32.Build.0 = Debug|Win32
		{0E88ABC5-8C14-4A0F-A8DA-342BDA9BEFA3}.Debug|x64.ActiveCfg = Debug|x64
		{0E88ABC5-8C14-4A0F-A8DA-342BDA9BEFA3}.Debug|x64.Build.0 = Debug|x64
		{0E88ABC5-8C14-4A0F-A8DA-342BDA9BEFA3}.Release|Win32.ActiveCfg = Release|Win32
		{0E88ABC5-8C14-4A0F-A8DA-342BDA9BEFA3}.Release|Win32.Build.0 = Release|Win32
		{0E88ABC5-8C14-4A0F-A8DA-342BDA9BEFA3}.Release|x64.ActiveCfg = Release|x64
		{0E88ABC5-8C14-4A0F-A8DA-342BDA9BEFA3}.Release|x64.Build.0 = Release|x64
		{5C662645-C28A-4781-A5E5-30D0520B7B9C}.Debug|Win32.ActiveCfg = Debug|Win32
		{5C662645-C28A-4781-A5E5-30D0520B7B9C}.Debug|Win32.Build.0 = Debug|Win32
		{5C662645-C28A-4781-A5E5-30D0520B7B9C}.Debug|x64.ActiveCfg = Debug|x64
		{5C662645-C28A-4781-A5E5-30D0520B7B9C}.Debug|x64.Build.0 = Debug|x64
		{5C662645-C28A-4781-A5E5-30D0520B7B9C}.Release|Win32.ActiveCfg = Release|Win32
		{5C662645-C28A-4781-A5E5-30D0520B7B9C}.Release|Win32.Build.0 = Release|Win32
		{5C662645-C28A-4781-A5E5-30D0520B7B9C}.Release|x64.ActiveCfg = Release|x64
		{5C662645-C28A-4781-A5E5-30D0520B7B9C}.Release|x64.Build.0 = Release|x64
		{1206672E-39EF-42C7-86EE-965088D35088}.Debug|Win32.ActiveCfg = Debug|Win32
		{1206672E-39EF-42C7-86EE-965088D35088}.Debug|Win32.Build.0 = Debug|Win32
		{1206672E-39EF-42C7-86EE-965088D35088}.Debug|x64.ActiveCfg = Debug|x64
		{1206672E-39EF-42C7-86EE-965088D35088}.Debug|x64.Build.0 = Debug|x64
		{1206672E-39EF-42C7-86EE-965088D35088}.Release|Win32.ActiveCfg = Release|Win32
		{1206672E-39EF-42C7-86EE-965088D35088}.Release|Win32.Build.0 = Release|Win32
		{1206672E-39EF-42C7-86EE-965088D35088}.Release|x64.ActiveCfg = Release|x64
		{1206672E-39EF-42C7-86EE-965088D35088}.Release|x64.Build.0 = Release|x64
		{FE1B50CC-3900-4AA4-BA8B-96A2C231391A}.Debug|Win32.ActiveCfg = Debug|Win32
		{FE1B50CC-3900-4AA4-BA8B-96A2C231391A}.Debug|Win32.Build.0 = Debug|Win32
		{FE1B50CC-3900-4AA4-BA8B-96A2C231391A}.Debug|x64.ActiveCfg = Debug|x64
		{FE1B50CC-3900-4AA4-BA8B-96A2C231391A}.Debug|x64.Build.0 = Debug|x64
		{FE1B50CC-3900-4AA4-BA8B-96A2C231391A}.Release|Win32.ActiveCfg = Release|Win32
		{FE1B50CC-3900-4AA4-BA8B-96A2C231391A}.Release|Win32.Build.0 = Release|Win32
		{FE1B50CC-3900-4AA4-BA8B-96A2C231391A}.Release|x64.ActiveCfg = Release|x64
		{FE1B50CC-3900-4AA4-BA8B-96A2C231391A}.Release|x64.Build.0 = Release|x64
		{811D8369-14E9-4F41-B5AF-7E35B9C9EFF8}.Debug|Win32.ActiveCfg = Debug|Win32
		{811D8369-14E9-4F41-B5AF-7E35B9C9EFF8}.Debug|Win32.Build.0 = Debug|Win32
		{811D8369-14E9-4F41-B5AF-7E35B9C9EFF8}.Debug|x64.ActiveCfg = Debug|x64
		{811D8369-14E9-4F41-B5AF-7E35B9C9EFF8}.Debug|x64.Build.0 = Debug|x64
		{811D8369-14E9-4F41-B5AF-7E35B9C9EFF8}.Release|Win32.ActiveCfg = Release|Win32
		{811D8369-14E9-4F41-B5AF-7E35B9C9EFF8}.Release|Win32.Build.0 = Release|Win32
		{811D8369-14E9-4F41-B5AF-7E35B9C9EFF8}.Release|x64.ActiveCfg = Release|x64
		{811D8369-14E9-4F41-B5AF-7E35B9C9EFF8}.Release|x64.Build.0 = Release|x64
		{B3A747CD-3767-4461-8A61-46D231070DF9}.Debug|Win32.ActiveCfg = Debug|Win32
		{B3A747CD-3767-4461-8A61-46D231070DF9}.Debug|Win32.Build.0 = Debug|Win32
		{B3A747CD-3767-4461-8A61-46D231070DF9}.Debug|x64.ActiveCfg = Debug|x64
		{B3A747CD-3767-4461-8A61-46D231070DF9}.Debug|x64.Build.0 = Debug|x64
		{B3A747CD-3767-4461-8A61-46D231070DF9}.Release|Win32.ActiveCfg = Release|Win32
		{B3A747CD-3767-4461-8A61-46D231070DF9}.Release|Win32.Build.0 = Release|Win32
		{B3A747CD-3767-4461-8A61-46D231070DF9}.Release|x64.ActiveCfg = Release|x64
		{B3A747CD-3767-4461-8A61-46D231070DF9}.Release|x64.Build.0 = Release|x64
	EndGlobalSection
	GlobalSection(SolutionProperties) = preSolution
		HideSolutionNode = FALSE
	GlobalSection
EndGlobal
