<?xml version="1.0" encoding="utf-8"?>
<Project ToolsVersion="4.0" xmlns="http://schemas.microsoft.com/developer/msbuild/2003">
  <ItemGroup>
    <Filter Include="Source Files">
      <UniqueIdentifier>{5411f208-edbb-4666-add1-f3ef87cf6997}</UniqueIdentifier>
      <Extensions>cpp;c;cxx;rc;def;r;odl;idl;hpj;bat</Extensions>
    </Filter>
    <Filter Include="Header Files">
      <UniqueIdentifier>{4f8aea31-f3f0-4a3f-8719-1824ee9350ba}</UniqueIdentifier>
      <Extensions>h;hpp;hxx;hm;inl</Extensions>
    </Filter>
  </ItemGroup>
  <ItemGroup>
    <ClCompile Include="..\pdvplus\PdvConfig.cpp">
      <Filter>Source Files</Filter>
    </ClCompile>
    <ClCompile Include="..\pdvplus\PdvConfigSet.cpp">
      <Filter>Source Files</Filter>
    </ClCompile>
    <ClCompile Include="..\pdvplus\PdvInput.cpp">
      <Filter>Source Files</Filter>
    </ClCompile>
  </ItemGroup>
  <ItemGroup>
    <ClInclude Include="..\pdvplus\edtlist.h">
      <Filter>Header Files</Filter>
    </ClInclude>
    <ClInclude Include="..\pdvplus\PdvConfig.h">
      <Filter>Header Files</Filter>
    </ClInclude>
    <ClInclude Include="..\pdvplus\PdvConfigSet.h">
      <Filter>Header Files</Filter>
    </ClInclude>
    <ClInclude Include="..\pdvplus\PdvInput.h">
      <Filter>Header Files</Filter>
    </ClInclude>
  </ItemGroup>
</Project>